PODS:
  - Bolts (1.8.4):
    - Bolts/AppLinks (= 1.8.4)
    - Bolts/Tasks (= 1.8.4)
  - Bolts/AppLinks (1.8.4):
    - Bolts/Tasks
  - Bolts/Tasks (1.8.4)
  - ChameleonFramework (2.1.0):
    - ChameleonFramework/Default (= 2.1.0)
  - ChameleonFramework/Default (2.1.0)
  - Crashlytics (3.8.2):
    - Fabric (~> 1.6.3)
  - Fabric (1.6.9)
  - FBSDKCoreKit (4.16.0):
    - Bolts (~> 1.7)
  - FBSDKLoginKit (4.15.0):
    - FBSDKCoreKit
  - FBSDKMessengerShareKit (1.3.0)
  - GoogleAnalytics (3.17.0)
  - MBProgressHUD (1.0.0)

DEPENDENCIES:
  - ChameleonFramework
  - Crashlytics
  - Fabric
  - FBSDKCoreKit (= 4.16.0)
  - FBSDKLoginKit (= 4.15.0)
  - FBSDKMessengerShareKit (= 1.3.0)
  - GoogleAnalytics
  - MBProgressHUD

SPEC CHECKSUMS:
  Bolts: 8a7995239dbe724f9cba2248b766d48b7ebdd322
  ChameleonFramework: d21a3cc247abfe5e37609a283a8238b03575cf64
  Crashlytics: 27acca95a01b042a8294291dd6dff27f8f6af6d7
  Fabric: bc5bec42cef4bcf1ee3ce0e218fc518e4b44dfbb
  FBSDKCoreKit: 7a6baaed4a2b2a244ba253346713bdbc74df135b
  FBSDKLoginKit: 96d9b70b5784490f02ab86119e542a1f182017a8
  FBSDKMessengerShareKit: 4a38dbd3564f5da459ea35b636e6766f7067a830
  GoogleAnalytics: f42cc53a87a51fe94334821868d9c8481ff47a7b
  MBProgressHUD: 4890f671c94e8a0f3cf959aa731e9de2f036d71a

PODFILE CHECKSUM: 83004d1894ab25bc33a2fcc83cf9997b8979188b

COCOAPODS: 1.1.1
