// !$*UTF8*$!
{
	archiveVersion = 1;
	classes = {
	};
	objectVersion = 46;
	objects = {

/* Begin PBXBuildFile section */
		4E5556DF1DE626E3008FD841 /* AppDelegate.swift in Sources */ = {isa = PBXBuildFile; fileRef = 4E5556DE1DE626E3008FD841 /* AppDelegate.swift */; };
		4E5556E11DE626E3008FD841 /* ViewController.swift in Sources */ = {isa = PBXBuildFile; fileRef = 4E5556E01DE626E3008FD841 /* ViewController.swift */; };
		4E5556E41DE626E3008FD841 /* Main.storyboard in Resources */ = {isa = PBXBuildFile; fileRef = 4E5556E21DE626E3008FD841 /* Main.storyboard */; };
		4E5556E71DE626E3008FD841 /* StickerProfiling.xcdatamodeld in Sources */ = {isa = PBXBuildFile; fileRef = 4E5556E51DE626E3008FD841 /* StickerProfiling.xcdatamodeld */; };
		4E5556E91DE626E3008FD841 /* Assets.xcassets in Resources */ = {isa = PBXBuildFile; fileRef = 4E5556E81DE626E3008FD841 /* Assets.xcassets */; };
		4E5556EC1DE626E3008FD841 /* LaunchScreen.storyboard in Resources */ = {isa = PBXBuildFile; fileRef = 4E5556EA1DE626E3008FD841 /* LaunchScreen.storyboard */; };
		4E5556F71DE626E3008FD841 /* StickerProfilingTests.swift in Sources */ = {isa = PBXBuildFile; fileRef = 4E5556F61DE626E3008FD841 /* StickerProfilingTests.swift */; };
		4E5557021DE626E3008FD841 /* StickerProfilingUITests.swift in Sources */ = {isa = PBXBuildFile; fileRef = 4E5557011DE626E3008FD841 /* StickerProfilingUITests.swift */; };
		4E5557111DE62A99008FD841 /* FBAudienceNetwork.framework in Frameworks */ = {isa = PBXBuildFile; fileRef = 4E5557101DE62A99008FD841 /* FBAudienceNetwork.framework */; };
		4E5557161DE62B39008FD841 /* MBSwitch.m in Sources */ = {isa = PBXBuildFile; fileRef = 4E5557151DE62B39008FD841 /* MBSwitch.m */; };
		4E5557181DE62B9A008FD841 /* StoreKit.framework in Frameworks */ = {isa = PBXBuildFile; fileRef = 4E5557171DE62B9A008FD841 /* StoreKit.framework */; };
		4E55571A1DE62BA0008FD841 /* AdSupport.framework in Frameworks */ = {isa = PBXBuildFile; fileRef = 4E5557191DE62BA0008FD841 /* AdSupport.framework */; };
		4E55571C1DE62BB5008FD841 /* AssetsLibrary.framework in Frameworks */ = {isa = PBXBuildFile; fileRef = 4E55571B1DE62BB5008FD841 /* AssetsLibrary.framework */; };
		4E55571E1DE62BBE008FD841 /* CoreText.framework in Frameworks */ = {isa = PBXBuildFile; fileRef = 4E55571D1DE62BBE008FD841 /* CoreText.framework */; };
		4E5557201DE62BC4008FD841 /* CoreTelephony.framework in Frameworks */ = {isa = PBXBuildFile; fileRef = 4E55571F1DE62BC4008FD841 /* CoreTelephony.framework */; };
		4E5557221DE62BFA008FD841 /* SystemConfiguration.framework in Frameworks */ = {isa = PBXBuildFile; fileRef = 4E5557211DE62BFA008FD841 /* SystemConfiguration.framework */; };
		4E5557241DE62C04008FD841 /* QuartzCore.framework in Frameworks */ = {isa = PBXBuildFile; fileRef = 4E5557231DE62C04008FD841 /* QuartzCore.framework */; };
		4E5557261DE62C0D008FD841 /* AVFoundation.framework in Frameworks */ = {isa = PBXBuildFile; fileRef = 4E5557251DE62C0D008FD841 /* AVFoundation.framework */; };
		4E5557281DE62C16008FD841 /* CoreMedia.framework in Frameworks */ = {isa = PBXBuildFile; fileRef = 4E5557271DE62C16008FD841 /* CoreMedia.framework */; };
		4E55572A1DE62C20008FD841 /* CoreVideo.framework in Frameworks */ = {isa = PBXBuildFile; fileRef = 4E5557291DE62C1F008FD841 /* CoreVideo.framework */; };
		4E55572C1DE62CC7008FD841 /* AudioToolbox.framework in Frameworks */ = {isa = PBXBuildFile; fileRef = 4E55572B1DE62CC7008FD841 /* AudioToolbox.framework */; };
		4E55572E1DE62D3D008FD841 /* libxml2.tbd in Frameworks */ = {isa = PBXBuildFile; fileRef = 4E55572D1DE62D3D008FD841 /* libxml2.tbd */; };
		4E55573C1DE62E89008FD841 /* ViewControllerExtension.swift in Sources */ = {isa = PBXBuildFile; fileRef = 4E55573B1DE62E89008FD841 /* ViewControllerExtension.swift */; };
		4E5557401DE62EAA008FD841 /* BlocksAlertView.m in Sources */ = {isa = PBXBuildFile; fileRef = 4E55573F1DE62EAA008FD841 /* BlocksAlertView.m */; };
		4E5557431DE62EB6008FD841 /* MAXBlockSwitch.m in Sources */ = {isa = PBXBuildFile; fileRef = 4E5557421DE62EB6008FD841 /* MAXBlockSwitch.m */; };
		4E5557461DE62EC2008FD841 /* MAXBlockButton.m in Sources */ = {isa = PBXBuildFile; fileRef = 4E5557451DE62EC2008FD841 /* MAXBlockButton.m */; };
		4E5557491DE62EC7008FD841 /* MAXFadeBlockButton.m in Sources */ = {isa = PBXBuildFile; fileRef = 4E5557481DE62EC7008FD841 /* MAXFadeBlockButton.m */; };
		4E55574C1DE62ECF008FD841 /* MAXSelectedContentButton.m in Sources */ = {isa = PBXBuildFile; fileRef = 4E55574B1DE62ECF008FD841 /* MAXSelectedContentButton.m */; };
		4E5557511DE62ED9008FD841 /* MAXCollectionViewCellImageAndText.m in Sources */ = {isa = PBXBuildFile; fileRef = 4E55574E1DE62ED9008FD841 /* MAXCollectionViewCellImageAndText.m */; };
		4E5557521DE62ED9008FD841 /* MAXCollectionViewImageAndText.m in Sources */ = {isa = PBXBuildFile; fileRef = 4E5557501DE62ED9008FD841 /* MAXCollectionViewImageAndText.m */; };
		4E5557551DE62EE7008FD841 /* UIColor+Extension.m in Sources */ = {isa = PBXBuildFile; fileRef = 4E5557541DE62EE7008FD841 /* UIColor+Extension.m */; };
		4E55575A1DE62F05008FD841 /* UIFont+MAXSystemFonts.m in Sources */ = {isa = PBXBuildFile; fileRef = 4E5557591DE62F05008FD841 /* UIFont+MAXSystemFonts.m */; };
		4E5557691DE62F0E008FD841 /* Roboto-Black.ttf in Resources */ = {isa = PBXBuildFile; fileRef = 4E55575B1DE62F0E008FD841 /* Roboto-Black.ttf */; };
		4E55576A1DE62F0E008FD841 /* Roboto-BlackItalic.ttf in Resources */ = {isa = PBXBuildFile; fileRef = 4E55575C1DE62F0E008FD841 /* Roboto-BlackItalic.ttf */; };
		4E55576B1DE62F0E008FD841 /* Roboto-Bold.ttf in Resources */ = {isa = PBXBuildFile; fileRef = 4E55575D1DE62F0E008FD841 /* Roboto-Bold.ttf */; };
		4E55576C1DE62F0E008FD841 /* Roboto-BoldItalic.ttf in Resources */ = {isa = PBXBuildFile; fileRef = 4E55575E1DE62F0E008FD841 /* Roboto-BoldItalic.ttf */; };
		4E55576D1DE62F0E008FD841 /* Roboto-Italic.ttf in Resources */ = {isa = PBXBuildFile; fileRef = 4E55575F1DE62F0E008FD841 /* Roboto-Italic.ttf */; };
		4E55576E1DE62F0E008FD841 /* Roboto-Light.ttf in Resources */ = {isa = PBXBuildFile; fileRef = 4E5557601DE62F0E008FD841 /* Roboto-Light.ttf */; };
		4E55576F1DE62F0E008FD841 /* Roboto-LightItalic.ttf in Resources */ = {isa = PBXBuildFile; fileRef = 4E5557611DE62F0E008FD841 /* Roboto-LightItalic.ttf */; };
		4E5557701DE62F0E008FD841 /* Roboto-Medium.ttf in Resources */ = {isa = PBXBuildFile; fileRef = 4E5557621DE62F0E008FD841 /* Roboto-Medium.ttf */; };
		4E5557711DE62F0E008FD841 /* Roboto-MediumItalic.ttf in Resources */ = {isa = PBXBuildFile; fileRef = 4E5557631DE62F0E008FD841 /* Roboto-MediumItalic.ttf */; };
		4E5557721DE62F0E008FD841 /* Roboto-Regular.ttf in Resources */ = {isa = PBXBuildFile; fileRef = 4E5557641DE62F0E008FD841 /* Roboto-Regular.ttf */; };
		4E5557731DE62F0E008FD841 /* Roboto-Thin.ttf in Resources */ = {isa = PBXBuildFile; fileRef = 4E5557651DE62F0E008FD841 /* Roboto-Thin.ttf */; };
		4E5557741DE62F0E008FD841 /* Roboto-ThinItalic.ttf in Resources */ = {isa = PBXBuildFile; fileRef = 4E5557661DE62F0E008FD841 /* Roboto-ThinItalic.ttf */; };
		4E5557751DE62F0E008FD841 /* UIFont+MAXRobotoExtension.m in Sources */ = {isa = PBXBuildFile; fileRef = 4E5557681DE62F0E008FD841 /* UIFont+MAXRobotoExtension.m */; };
		4E5557781DE62F1C008FD841 /* NSString+MAXHeightExtension.m in Sources */ = {isa = PBXBuildFile; fileRef = 4E5557771DE62F1C008FD841 /* NSString+MAXHeightExtension.m */; };
		4E55577D1DE62F2A008FD841 /* UIView+MAXExtension.m in Sources */ = {isa = PBXBuildFile; fileRef = 4E55577A1DE62F2A008FD841 /* UIView+MAXExtension.m */; };
		4E55577E1DE62F2A008FD841 /* UIView+RenderViewToImage.m in Sources */ = {isa = PBXBuildFile; fileRef = 4E55577C1DE62F2A008FD841 /* UIView+RenderViewToImage.m */; };
		4E5557831DE62F3A008FD841 /* MAXPageControl.m in Sources */ = {isa = PBXBuildFile; fileRef = 4E5557801DE62F3A008FD841 /* MAXPageControl.m */; };
		4E5557841DE62F3A008FD841 /* MAXPagingScrollView.m in Sources */ = {isa = PBXBuildFile; fileRef = 4E5557821DE62F3A008FD841 /* MAXPagingScrollView.m */; };
		4E5557911DE6306B008FD841 /* AnalyticsManager.m in Sources */ = {isa = PBXBuildFile; fileRef = 4E5557881DE6306B008FD841 /* AnalyticsManager.m */; };
		4E5557921DE6306B008FD841 /* CustomAnalytics.m in Sources */ = {isa = PBXBuildFile; fileRef = 4E55578A1DE6306B008FD841 /* CustomAnalytics.m */; };
		4E5557931DE6306B008FD841 /* GoogleAnalyticsCommunication.m in Sources */ = {isa = PBXBuildFile; fileRef = 4E55578C1DE6306B008FD841 /* GoogleAnalyticsCommunication.m */; };
		4E5557941DE6306B008FD841 /* NSMutableDictionary+NoNilExtension.m in Sources */ = {isa = PBXBuildFile; fileRef = 4E55578E1DE6306B008FD841 /* NSMutableDictionary+NoNilExtension.m */; };
		4E5557951DE6306B008FD841 /* GWAnalyticsStore.m in Sources */ = {isa = PBXBuildFile; fileRef = 4E5557901DE6306B008FD841 /* GWAnalyticsStore.m */; };
		4E55579A1DE630C4008FD841 /* UserDefaults.m in Sources */ = {isa = PBXBuildFile; fileRef = 4E5557991DE630C4008FD841 /* UserDefaults.m */; };
		4E5557A21DE63125008FD841 /* GWLocalizedBundle.m in Sources */ = {isa = PBXBuildFile; fileRef = 4E55579E1DE63125008FD841 /* GWLocalizedBundle.m */; };
		4E5557A31DE63125008FD841 /* PopularStickersLocalization.m in Sources */ = {isa = PBXBuildFile; fileRef = 4E5557A01DE63125008FD841 /* PopularStickersLocalization.m */; };
		4E5557A41DE63125008FD841 /* PopularStickersLocalization.strings in Resources */ = {isa = PBXBuildFile; fileRef = 4E5557A11DE63125008FD841 /* PopularStickersLocalization.strings */; };
		4E5557A71DE631D2008FD841 /* AppFlow.swift in Sources */ = {isa = PBXBuildFile; fileRef = 4E5557A61DE631D2008FD841 /* AppFlow.swift */; };
		4E5557B71DE63340008FD841 /* MNFJsonAdapter.m in Sources */ = {isa = PBXBuildFile; fileRef = 4E5557AB1DE63340008FD841 /* MNFJsonAdapter.m */; };
		4E5557B81DE63340008FD841 /* MNFJsonAdapterKeyAndProperty.m in Sources */ = {isa = PBXBuildFile; fileRef = 4E5557AE1DE63340008FD841 /* MNFJsonAdapterKeyAndProperty.m */; };
		4E5557B91DE63340008FD841 /* MNFJsonAdapterSubclassedProperty.m in Sources */ = {isa = PBXBuildFile; fileRef = 4E5557B01DE63340008FD841 /* MNFJsonAdapterSubclassedProperty.m */; };
		4E5557BA1DE63340008FD841 /* MNFJsonAdapterValueTransformer.m in Sources */ = {isa = PBXBuildFile; fileRef = 4E5557B21DE63340008FD841 /* MNFJsonAdapterValueTransformer.m */; };
		4E5557BB1DE63340008FD841 /* NSObject+MenigaRuntimeExtension.m in Sources */ = {isa = PBXBuildFile; fileRef = 4E5557B41DE63340008FD841 /* NSObject+MenigaRuntimeExtension.m */; };
		4E5557BC1DE63340008FD841 /* NSString+MNFExtension.m in Sources */ = {isa = PBXBuildFile; fileRef = 4E5557B61DE63340008FD841 /* NSString+MNFExtension.m */; };
		4E5557C41DE63390008FD841 /* NotificationManager.m in Sources */ = {isa = PBXBuildFile; fileRef = 4E5557C31DE63390008FD841 /* NotificationManager.m */; };
		4E5557CA1DE633BB008FD841 /* NSDateValueTransformer.m in Sources */ = {isa = PBXBuildFile; fileRef = 4E5557C71DE633BB008FD841 /* NSDateValueTransformer.m */; };
		4E5557CB1DE633BB008FD841 /* NSSetValueTransformer.m in Sources */ = {isa = PBXBuildFile; fileRef = 4E5557C91DE633BB008FD841 /* NSSetValueTransformer.m */; };
		4E5557CF1DE6352F008FD841 /* GWFramework1.xcdatamodeld in Sources */ = {isa = PBXBuildFile; fileRef = 4E5557CC1DE6352F008FD841 /* GWFramework1.xcdatamodeld */; };
		4E5557F21DE635AA008FD841 /* GWPersonalityQuestion+CoreDataProperties.m in Sources */ = {isa = PBXBuildFile; fileRef = 4E5557D31DE635AA008FD841 /* GWPersonalityQuestion+CoreDataProperties.m */; };
		4E5557F31DE635AA008FD841 /* GWPersonalityQuestion.m in Sources */ = {isa = PBXBuildFile; fileRef = 4E5557D51DE635AA008FD841 /* GWPersonalityQuestion.m */; };
		4E5557F41DE635AA008FD841 /* GWRecipient+CoreDataProperties.m in Sources */ = {isa = PBXBuildFile; fileRef = 4E5557D71DE635AA008FD841 /* GWRecipient+CoreDataProperties.m */; };
		4E5557F51DE635AA008FD841 /* GWRecipient.m in Sources */ = {isa = PBXBuildFile; fileRef = 4E5557D91DE635AA008FD841 /* GWRecipient.m */; };
		4E5557F61DE635AA008FD841 /* GWImage+CoreDataProperties.m in Sources */ = {isa = PBXBuildFile; fileRef = 4E5557DB1DE635AA008FD841 /* GWImage+CoreDataProperties.m */; };
		4E5557F71DE635AA008FD841 /* GWImage.m in Sources */ = {isa = PBXBuildFile; fileRef = 4E5557DD1DE635AA008FD841 /* GWImage.m */; };
		4E5557F81DE635AA008FD841 /* GWArea+CoreDataProperties.m in Sources */ = {isa = PBXBuildFile; fileRef = 4E5557DF1DE635AA008FD841 /* GWArea+CoreDataProperties.m */; };
		4E5557F91DE635AA008FD841 /* GWArea.m in Sources */ = {isa = PBXBuildFile; fileRef = 4E5557E11DE635AA008FD841 /* GWArea.m */; };
		4E5557FA1DE635AA008FD841 /* GWImageWithThumb+CoreDataProperties.m in Sources */ = {isa = PBXBuildFile; fileRef = 4E5557E31DE635AA008FD841 /* GWImageWithThumb+CoreDataProperties.m */; };
		4E5557FB1DE635AA008FD841 /* GWImageWithThumb.m in Sources */ = {isa = PBXBuildFile; fileRef = 4E5557E51DE635AA008FD841 /* GWImageWithThumb.m */; };
		4E5557FC1DE635AA008FD841 /* GWIntention+CoreDataProperties.m in Sources */ = {isa = PBXBuildFile; fileRef = 4E5557E71DE635AA008FD841 /* GWIntention+CoreDataProperties.m */; };
		4E5557FD1DE635AA008FD841 /* GWIntention.m in Sources */ = {isa = PBXBuildFile; fileRef = 4E5557E91DE635AA008FD841 /* GWIntention.m */; };
		4E5557FE1DE635AA008FD841 /* GWTag+CoreDataProperties.m in Sources */ = {isa = PBXBuildFile; fileRef = 4E5557EB1DE635AA008FD841 /* GWTag+CoreDataProperties.m */; };
		4E5557FF1DE635AA008FD841 /* GWTag.m in Sources */ = {isa = PBXBuildFile; fileRef = 4E5557ED1DE635AA008FD841 /* GWTag.m */; };
		4E5558001DE635AA008FD841 /* GWText+CoreDataProperties.m in Sources */ = {isa = PBXBuildFile; fileRef = 4E5557EF1DE635AA008FD841 /* GWText+CoreDataProperties.m */; };
		4E5558011DE635AA008FD841 /* GWText.m in Sources */ = {isa = PBXBuildFile; fileRef = 4E5557F11DE635AA008FD841 /* GWText.m */; };
		4E5558061DE635F1008FD841 /* GWAreaCulture+CoreDataProperties.m in Sources */ = {isa = PBXBuildFile; fileRef = 4E5558031DE635F1008FD841 /* GWAreaCulture+CoreDataProperties.m */; };
		4E5558071DE635F1008FD841 /* GWAreaCulture.m in Sources */ = {isa = PBXBuildFile; fileRef = 4E5558051DE635F1008FD841 /* GWAreaCulture.m */; };
		4E55581C1DE637F4008FD841 /* GWCoreDataManager.m in Sources */ = {isa = PBXBuildFile; fileRef = 4E5558151DE637F4008FD841 /* GWCoreDataManager.m */; };
		4E55581D1DE637F4008FD841 /* GWDataManager.m in Sources */ = {isa = PBXBuildFile; fileRef = 4E5558171DE637F4008FD841 /* GWDataManager.m */; };
		4E55581E1DE637F4008FD841 /* GWImageManager.m in Sources */ = {isa = PBXBuildFile; fileRef = 4E5558191DE637F4008FD841 /* GWImageManager.m */; };
		4E55581F1DE637F4008FD841 /* ServerCommunication.m in Sources */ = {isa = PBXBuildFile; fileRef = 4E55581B1DE637F4008FD841 /* ServerCommunication.m */; };
		7B413C6F4073A8FE3C897B66 /* Pods_StickerProfilingUITests.framework in Frameworks */ = {isa = PBXBuildFile; fileRef = B2432E7750568AFDA8787871 /* Pods_StickerProfilingUITests.framework */; };
		AF4474D5BCEDAE1BB53E3BBF /* Pods_StickerProfilingTests.framework in Frameworks */ = {isa = PBXBuildFile; fileRef = 7D94D935D80854EB8FEF50D9 /* Pods_StickerProfilingTests.framework */; };
		F65AB8F9953FEA26C84EDEFB /* Pods_StickerProfiling.framework in Frameworks */ = {isa = PBXBuildFile; fileRef = 7C43EDED1BC819493F7CDB0E /* Pods_StickerProfiling.framework */; };
/* End PBXBuildFile section */

/* Begin PBXContainerItemProxy section */
		4E5556F31DE626E3008FD841 /* PBXContainerItemProxy */ = {
			isa = PBXContainerItemProxy;
			containerPortal = 4E5556D31DE626E3008FD841 /* Project object */;
			proxyType = 1;
			remoteGlobalIDString = 4E5556DA1DE626E3008FD841;
			remoteInfo = StickerProfiling;
		};
		4E5556FE1DE626E3008FD841 /* PBXContainerItemProxy */ = {
			isa = PBXContainerItemProxy;
			containerPortal = 4E5556D31DE626E3008FD841 /* Project object */;
			proxyType = 1;
			remoteGlobalIDString = 4E5556DA1DE626E3008FD841;
			remoteInfo = StickerProfiling;
		};
/* End PBXContainerItemProxy section */

/* Begin PBXFileReference section */
		0970A792098C571C1C0D497F /* Pods-StickerProfilingTests.debug.xcconfig */ = {isa = PBXFileReference; includeInIndex = 1; lastKnownFileType = text.xcconfig; name = "Pods-StickerProfilingTests.debug.xcconfig"; path = "Pods/Target Support Files/Pods-StickerProfilingTests/Pods-StickerProfilingTests.debug.xcconfig"; sourceTree = "<group>"; };
		4B522C3F97E49236F5836AE5 /* Pods-StickerProfilingUITests.debug.xcconfig */ = {isa = PBXFileReference; includeInIndex = 1; lastKnownFileType = text.xcconfig; name = "Pods-StickerProfilingUITests.debug.xcconfig"; path = "Pods/Target Support Files/Pods-StickerProfilingUITests/Pods-StickerProfilingUITests.debug.xcconfig"; sourceTree = "<group>"; };
		4E5556DB1DE626E3008FD841 /* StickerProfiling.app */ = {isa = PBXFileReference; explicitFileType = wrapper.application; includeInIndex = 0; path = StickerProfiling.app; sourceTree = BUILT_PRODUCTS_DIR; };
		4E5556DE1DE626E3008FD841 /* AppDelegate.swift */ = {isa = PBXFileReference; lastKnownFileType = sourcecode.swift; path = AppDelegate.swift; sourceTree = "<group>"; };
		4E5556E01DE626E3008FD841 /* ViewController.swift */ = {isa = PBXFileReference; lastKnownFileType = sourcecode.swift; path = ViewController.swift; sourceTree = "<group>"; };
		4E5556E31DE626E3008FD841 /* Base */ = {isa = PBXFileReference; lastKnownFileType = file.storyboard; name = Base; path = Base.lproj/Main.storyboard; sourceTree = "<group>"; };
		4E5556E61DE626E3008FD841 /* StickerProfiling.xcdatamodel */ = {isa = PBXFileReference; lastKnownFileType = wrapper.xcdatamodel; path = StickerProfiling.xcdatamodel; sourceTree = "<group>"; };
		4E5556E81DE626E3008FD841 /* Assets.xcassets */ = {isa = PBXFileReference; lastKnownFileType = folder.assetcatalog; path = Assets.xcassets; sourceTree = "<group>"; };
		4E5556EB1DE626E3008FD841 /* Base */ = {isa = PBXFileReference; lastKnownFileType = file.storyboard; name = Base; path = Base.lproj/LaunchScreen.storyboard; sourceTree = "<group>"; };
		4E5556ED1DE626E3008FD841 /* Info.plist */ = {isa = PBXFileReference; lastKnownFileType = text.plist.xml; path = Info.plist; sourceTree = "<group>"; };
		4E5556F21DE626E3008FD841 /* StickerProfilingTests.xctest */ = {isa = PBXFileReference; explicitFileType = wrapper.cfbundle; includeInIndex = 0; path = StickerProfilingTests.xctest; sourceTree = BUILT_PRODUCTS_DIR; };
		4E5556F61DE626E3008FD841 /* StickerProfilingTests.swift */ = {isa = PBXFileReference; lastKnownFileType = sourcecode.swift; path = StickerProfilingTests.swift; sourceTree = "<group>"; };
		4E5556F81DE626E3008FD841 /* Info.plist */ = {isa = PBXFileReference; lastKnownFileType = text.plist.xml; path = Info.plist; sourceTree = "<group>"; };
		4E5556FD1DE626E3008FD841 /* StickerProfilingUITests.xctest */ = {isa = PBXFileReference; explicitFileType = wrapper.cfbundle; includeInIndex = 0; path = StickerProfilingUITests.xctest; sourceTree = BUILT_PRODUCTS_DIR; };
		4E5557011DE626E3008FD841 /* StickerProfilingUITests.swift */ = {isa = PBXFileReference; lastKnownFileType = sourcecode.swift; path = StickerProfilingUITests.swift; sourceTree = "<group>"; };
		4E5557031DE626E3008FD841 /* Info.plist */ = {isa = PBXFileReference; lastKnownFileType = text.plist.xml; path = Info.plist; sourceTree = "<group>"; };
		4E5557101DE62A99008FD841 /* FBAudienceNetwork.framework */ = {isa = PBXFileReference; lastKnownFileType = wrapper.framework; path = FBAudienceNetwork.framework; sourceTree = "<group>"; };
		4E5557141DE62B39008FD841 /* MBSwitch.h */ = {isa = PBXFileReference; fileEncoding = 4; lastKnownFileType = sourcecode.c.h; path = MBSwitch.h; sourceTree = "<group>"; };
		4E5557151DE62B39008FD841 /* MBSwitch.m */ = {isa = PBXFileReference; fileEncoding = 4; lastKnownFileType = sourcecode.c.objc; path = MBSwitch.m; sourceTree = "<group>"; };
		4E5557171DE62B9A008FD841 /* StoreKit.framework */ = {isa = PBXFileReference; lastKnownFileType = wrapper.framework; name = StoreKit.framework; path = System/Library/Frameworks/StoreKit.framework; sourceTree = SDKROOT; };
		4E5557191DE62BA0008FD841 /* AdSupport.framework */ = {isa = PBXFileReference; lastKnownFileType = wrapper.framework; name = AdSupport.framework; path = System/Library/Frameworks/AdSupport.framework; sourceTree = SDKROOT; };
		4E55571B1DE62BB5008FD841 /* AssetsLibrary.framework */ = {isa = PBXFileReference; lastKnownFileType = wrapper.framework; name = AssetsLibrary.framework; path = System/Library/Frameworks/AssetsLibrary.framework; sourceTree = SDKROOT; };
		4E55571D1DE62BBE008FD841 /* CoreText.framework */ = {isa = PBXFileReference; lastKnownFileType = wrapper.framework; name = CoreText.framework; path = System/Library/Frameworks/CoreText.framework; sourceTree = SDKROOT; };
		4E55571F1DE62BC4008FD841 /* CoreTelephony.framework */ = {isa = PBXFileReference; lastKnownFileType = wrapper.framework; name = CoreTelephony.framework; path = System/Library/Frameworks/CoreTelephony.framework; sourceTree = SDKROOT; };
		4E5557211DE62BFA008FD841 /* SystemConfiguration.framework */ = {isa = PBXFileReference; lastKnownFileType = wrapper.framework; name = SystemConfiguration.framework; path = System/Library/Frameworks/SystemConfiguration.framework; sourceTree = SDKROOT; };
		4E5557231DE62C04008FD841 /* QuartzCore.framework */ = {isa = PBXFileReference; lastKnownFileType = wrapper.framework; name = QuartzCore.framework; path = System/Library/Frameworks/QuartzCore.framework; sourceTree = SDKROOT; };
		4E5557251DE62C0D008FD841 /* AVFoundation.framework */ = {isa = PBXFileReference; lastKnownFileType = wrapper.framework; name = AVFoundation.framework; path = System/Library/Frameworks/AVFoundation.framework; sourceTree = SDKROOT; };
		4E5557271DE62C16008FD841 /* CoreMedia.framework */ = {isa = PBXFileReference; lastKnownFileType = wrapper.framework; name = CoreMedia.framework; path = System/Library/Frameworks/CoreMedia.framework; sourceTree = SDKROOT; };
		4E5557291DE62C1F008FD841 /* CoreVideo.framework */ = {isa = PBXFileReference; lastKnownFileType = wrapper.framework; name = CoreVideo.framework; path = System/Library/Frameworks/CoreVideo.framework; sourceTree = SDKROOT; };
		4E55572B1DE62CC7008FD841 /* AudioToolbox.framework */ = {isa = PBXFileReference; lastKnownFileType = wrapper.framework; name = AudioToolbox.framework; path = System/Library/Frameworks/AudioToolbox.framework; sourceTree = SDKROOT; };
		4E55572D1DE62D3D008FD841 /* libxml2.tbd */ = {isa = PBXFileReference; lastKnownFileType = "sourcecode.text-based-dylib-definition"; name = libxml2.tbd; path = usr/lib/libxml2.tbd; sourceTree = SDKROOT; };
		4E55573B1DE62E89008FD841 /* ViewControllerExtension.swift */ = {isa = PBXFileReference; fileEncoding = 4; lastKnownFileType = sourcecode.swift; path = ViewControllerExtension.swift; sourceTree = "<group>"; };
		4E55573E1DE62EAA008FD841 /* BlocksAlertView.h */ = {isa = PBXFileReference; fileEncoding = 4; lastKnownFileType = sourcecode.c.h; path = BlocksAlertView.h; sourceTree = "<group>"; };
		4E55573F1DE62EAA008FD841 /* BlocksAlertView.m */ = {isa = PBXFileReference; fileEncoding = 4; lastKnownFileType = sourcecode.c.objc; path = BlocksAlertView.m; sourceTree = "<group>"; };
		4E5557411DE62EB6008FD841 /* MAXBlockSwitch.h */ = {isa = PBXFileReference; fileEncoding = 4; lastKnownFileType = sourcecode.c.h; path = MAXBlockSwitch.h; sourceTree = "<group>"; };
		4E5557421DE62EB6008FD841 /* MAXBlockSwitch.m */ = {isa = PBXFileReference; fileEncoding = 4; lastKnownFileType = sourcecode.c.objc; path = MAXBlockSwitch.m; sourceTree = "<group>"; };
		4E5557441DE62EC2008FD841 /* MAXBlockButton.h */ = {isa = PBXFileReference; fileEncoding = 4; lastKnownFileType = sourcecode.c.h; path = MAXBlockButton.h; sourceTree = "<group>"; };
		4E5557451DE62EC2008FD841 /* MAXBlockButton.m */ = {isa = PBXFileReference; fileEncoding = 4; lastKnownFileType = sourcecode.c.objc; path = MAXBlockButton.m; sourceTree = "<group>"; };
		4E5557471DE62EC7008FD841 /* MAXFadeBlockButton.h */ = {isa = PBXFileReference; fileEncoding = 4; lastKnownFileType = sourcecode.c.h; path = MAXFadeBlockButton.h; sourceTree = "<group>"; };
		4E5557481DE62EC7008FD841 /* MAXFadeBlockButton.m */ = {isa = PBXFileReference; fileEncoding = 4; lastKnownFileType = sourcecode.c.objc; path = MAXFadeBlockButton.m; sourceTree = "<group>"; };
		4E55574A1DE62ECF008FD841 /* MAXSelectedContentButton.h */ = {isa = PBXFileReference; fileEncoding = 4; lastKnownFileType = sourcecode.c.h; path = MAXSelectedContentButton.h; sourceTree = "<group>"; };
		4E55574B1DE62ECF008FD841 /* MAXSelectedContentButton.m */ = {isa = PBXFileReference; fileEncoding = 4; lastKnownFileType = sourcecode.c.objc; path = MAXSelectedContentButton.m; sourceTree = "<group>"; };
		4E55574D1DE62ED9008FD841 /* MAXCollectionViewCellImageAndText.h */ = {isa = PBXFileReference; fileEncoding = 4; lastKnownFileType = sourcecode.c.h; path = MAXCollectionViewCellImageAndText.h; sourceTree = "<group>"; };
		4E55574E1DE62ED9008FD841 /* MAXCollectionViewCellImageAndText.m */ = {isa = PBXFileReference; fileEncoding = 4; lastKnownFileType = sourcecode.c.objc; path = MAXCollectionViewCellImageAndText.m; sourceTree = "<group>"; };
		4E55574F1DE62ED9008FD841 /* MAXCollectionViewImageAndText.h */ = {isa = PBXFileReference; fileEncoding = 4; lastKnownFileType = sourcecode.c.h; path = MAXCollectionViewImageAndText.h; sourceTree = "<group>"; };
		4E5557501DE62ED9008FD841 /* MAXCollectionViewImageAndText.m */ = {isa = PBXFileReference; fileEncoding = 4; lastKnownFileType = sourcecode.c.objc; path = MAXCollectionViewImageAndText.m; sourceTree = "<group>"; };
		4E5557531DE62EE7008FD841 /* UIColor+Extension.h */ = {isa = PBXFileReference; fileEncoding = 4; lastKnownFileType = sourcecode.c.h; path = "UIColor+Extension.h"; sourceTree = "<group>"; };
		4E5557541DE62EE7008FD841 /* UIColor+Extension.m */ = {isa = PBXFileReference; fileEncoding = 4; lastKnownFileType = sourcecode.c.objc; path = "UIColor+Extension.m"; sourceTree = "<group>"; };
		4E5557581DE62F05008FD841 /* UIFont+MAXSystemFonts.h */ = {isa = PBXFileReference; fileEncoding = 4; lastKnownFileType = sourcecode.c.h; path = "UIFont+MAXSystemFonts.h"; sourceTree = "<group>"; };
		4E5557591DE62F05008FD841 /* UIFont+MAXSystemFonts.m */ = {isa = PBXFileReference; fileEncoding = 4; lastKnownFileType = sourcecode.c.objc; path = "UIFont+MAXSystemFonts.m"; sourceTree = "<group>"; };
		4E55575B1DE62F0E008FD841 /* Roboto-Black.ttf */ = {isa = PBXFileReference; lastKnownFileType = file; path = "Roboto-Black.ttf"; sourceTree = "<group>"; };
		4E55575C1DE62F0E008FD841 /* Roboto-BlackItalic.ttf */ = {isa = PBXFileReference; lastKnownFileType = file; path = "Roboto-BlackItalic.ttf"; sourceTree = "<group>"; };
		4E55575D1DE62F0E008FD841 /* Roboto-Bold.ttf */ = {isa = PBXFileReference; lastKnownFileType = file; path = "Roboto-Bold.ttf"; sourceTree = "<group>"; };
		4E55575E1DE62F0E008FD841 /* Roboto-BoldItalic.ttf */ = {isa = PBXFileReference; lastKnownFileType = file; path = "Roboto-BoldItalic.ttf"; sourceTree = "<group>"; };
		4E55575F1DE62F0E008FD841 /* Roboto-Italic.ttf */ = {isa = PBXFileReference; lastKnownFileType = file; path = "Roboto-Italic.ttf"; sourceTree = "<group>"; };
		4E5557601DE62F0E008FD841 /* Roboto-Light.ttf */ = {isa = PBXFileReference; lastKnownFileType = file; path = "Roboto-Light.ttf"; sourceTree = "<group>"; };
		4E5557611DE62F0E008FD841 /* Roboto-LightItalic.ttf */ = {isa = PBXFileReference; lastKnownFileType = file; path = "Roboto-LightItalic.ttf"; sourceTree = "<group>"; };
		4E5557621DE62F0E008FD841 /* Roboto-Medium.ttf */ = {isa = PBXFileReference; lastKnownFileType = file; path = "Roboto-Medium.ttf"; sourceTree = "<group>"; };
		4E5557631DE62F0E008FD841 /* Roboto-MediumItalic.ttf */ = {isa = PBXFileReference; lastKnownFileType = file; path = "Roboto-MediumItalic.ttf"; sourceTree = "<group>"; };
		4E5557641DE62F0E008FD841 /* Roboto-Regular.ttf */ = {isa = PBXFileReference; lastKnownFileType = file; path = "Roboto-Regular.ttf"; sourceTree = "<group>"; };
		4E5557651DE62F0E008FD841 /* Roboto-Thin.ttf */ = {isa = PBXFileReference; lastKnownFileType = file; path = "Roboto-Thin.ttf"; sourceTree = "<group>"; };
		4E5557661DE62F0E008FD841 /* Roboto-ThinItalic.ttf */ = {isa = PBXFileReference; lastKnownFileType = file; path = "Roboto-ThinItalic.ttf"; sourceTree = "<group>"; };
		4E5557671DE62F0E008FD841 /* UIFont+MAXRobotoExtension.h */ = {isa = PBXFileReference; fileEncoding = 4; lastKnownFileType = sourcecode.c.h; path = "UIFont+MAXRobotoExtension.h"; sourceTree = "<group>"; };
		4E5557681DE62F0E008FD841 /* UIFont+MAXRobotoExtension.m */ = {isa = PBXFileReference; fileEncoding = 4; lastKnownFileType = sourcecode.c.objc; path = "UIFont+MAXRobotoExtension.m"; sourceTree = "<group>"; };
		4E5557761DE62F1C008FD841 /* NSString+MAXHeightExtension.h */ = {isa = PBXFileReference; fileEncoding = 4; lastKnownFileType = sourcecode.c.h; path = "NSString+MAXHeightExtension.h"; sourceTree = "<group>"; };
		4E5557771DE62F1C008FD841 /* NSString+MAXHeightExtension.m */ = {isa = PBXFileReference; fileEncoding = 4; lastKnownFileType = sourcecode.c.objc; path = "NSString+MAXHeightExtension.m"; sourceTree = "<group>"; };
		4E5557791DE62F2A008FD841 /* UIView+MAXExtension.h */ = {isa = PBXFileReference; fileEncoding = 4; lastKnownFileType = sourcecode.c.h; path = "UIView+MAXExtension.h"; sourceTree = "<group>"; };
		4E55577A1DE62F2A008FD841 /* UIView+MAXExtension.m */ = {isa = PBXFileReference; fileEncoding = 4; lastKnownFileType = sourcecode.c.objc; path = "UIView+MAXExtension.m"; sourceTree = "<group>"; };
		4E55577B1DE62F2A008FD841 /* UIView+RenderViewToImage.h */ = {isa = PBXFileReference; fileEncoding = 4; lastKnownFileType = sourcecode.c.h; path = "UIView+RenderViewToImage.h"; sourceTree = "<group>"; };
		4E55577C1DE62F2A008FD841 /* UIView+RenderViewToImage.m */ = {isa = PBXFileReference; fileEncoding = 4; lastKnownFileType = sourcecode.c.objc; path = "UIView+RenderViewToImage.m"; sourceTree = "<group>"; };
		4E55577F1DE62F3A008FD841 /* MAXPageControl.h */ = {isa = PBXFileReference; fileEncoding = 4; lastKnownFileType = sourcecode.c.h; path = MAXPageControl.h; sourceTree = "<group>"; };
		4E5557801DE62F3A008FD841 /* MAXPageControl.m */ = {isa = PBXFileReference; fileEncoding = 4; lastKnownFileType = sourcecode.c.objc; path = MAXPageControl.m; sourceTree = "<group>"; };
		4E5557811DE62F3A008FD841 /* MAXPagingScrollView.h */ = {isa = PBXFileReference; fileEncoding = 4; lastKnownFileType = sourcecode.c.h; path = MAXPagingScrollView.h; sourceTree = "<group>"; };
		4E5557821DE62F3A008FD841 /* MAXPagingScrollView.m */ = {isa = PBXFileReference; fileEncoding = 4; lastKnownFileType = sourcecode.c.objc; path = MAXPagingScrollView.m; sourceTree = "<group>"; };
		4E5557861DE63061008FD841 /* GoogleAnalyticsConstants.h */ = {isa = PBXFileReference; lastKnownFileType = sourcecode.c.h; path = GoogleAnalyticsConstants.h; sourceTree = "<group>"; };
		4E5557871DE6306B008FD841 /* AnalyticsManager.h */ = {isa = PBXFileReference; fileEncoding = 4; lastKnownFileType = sourcecode.c.h; path = AnalyticsManager.h; sourceTree = "<group>"; };
		4E5557881DE6306B008FD841 /* AnalyticsManager.m */ = {isa = PBXFileReference; fileEncoding = 4; lastKnownFileType = sourcecode.c.objc; path = AnalyticsManager.m; sourceTree = "<group>"; };
		4E5557891DE6306B008FD841 /* CustomAnalytics.h */ = {isa = PBXFileReference; fileEncoding = 4; lastKnownFileType = sourcecode.c.h; path = CustomAnalytics.h; sourceTree = "<group>"; };
		4E55578A1DE6306B008FD841 /* CustomAnalytics.m */ = {isa = PBXFileReference; fileEncoding = 4; lastKnownFileType = sourcecode.c.objc; path = CustomAnalytics.m; sourceTree = "<group>"; };
		4E55578B1DE6306B008FD841 /* GoogleAnalyticsCommunication.h */ = {isa = PBXFileReference; fileEncoding = 4; lastKnownFileType = sourcecode.c.h; path = GoogleAnalyticsCommunication.h; sourceTree = "<group>"; };
		4E55578C1DE6306B008FD841 /* GoogleAnalyticsCommunication.m */ = {isa = PBXFileReference; fileEncoding = 4; lastKnownFileType = sourcecode.c.objc; path = GoogleAnalyticsCommunication.m; sourceTree = "<group>"; };
		4E55578D1DE6306B008FD841 /* NSMutableDictionary+NoNilExtension.h */ = {isa = PBXFileReference; fileEncoding = 4; lastKnownFileType = sourcecode.c.h; path = "NSMutableDictionary+NoNilExtension.h"; sourceTree = "<group>"; };
		4E55578E1DE6306B008FD841 /* NSMutableDictionary+NoNilExtension.m */ = {isa = PBXFileReference; fileEncoding = 4; lastKnownFileType = sourcecode.c.objc; path = "NSMutableDictionary+NoNilExtension.m"; sourceTree = "<group>"; };
		4E55578F1DE6306B008FD841 /* GWAnalyticsStore.h */ = {isa = PBXFileReference; fileEncoding = 4; lastKnownFileType = sourcecode.c.h; path = GWAnalyticsStore.h; sourceTree = "<group>"; };
		4E5557901DE6306B008FD841 /* GWAnalyticsStore.m */ = {isa = PBXFileReference; fileEncoding = 4; lastKnownFileType = sourcecode.c.objc; path = GWAnalyticsStore.m; sourceTree = "<group>"; };
		4E5557981DE630C4008FD841 /* UserDefaults.h */ = {isa = PBXFileReference; fileEncoding = 4; lastKnownFileType = sourcecode.c.h; path = UserDefaults.h; sourceTree = "<group>"; };
		4E5557991DE630C4008FD841 /* UserDefaults.m */ = {isa = PBXFileReference; fileEncoding = 4; lastKnownFileType = sourcecode.c.objc; path = UserDefaults.m; sourceTree = "<group>"; };
		4E55579B1DE63109008FD841 /* Constants.h */ = {isa = PBXFileReference; lastKnownFileType = sourcecode.c.h; path = Constants.h; sourceTree = "<group>"; };
		4E55579D1DE63125008FD841 /* GWLocalizedBundle.h */ = {isa = PBXFileReference; fileEncoding = 4; lastKnownFileType = sourcecode.c.h; path = GWLocalizedBundle.h; sourceTree = "<group>"; };
		4E55579E1DE63125008FD841 /* GWLocalizedBundle.m */ = {isa = PBXFileReference; fileEncoding = 4; lastKnownFileType = sourcecode.c.objc; path = GWLocalizedBundle.m; sourceTree = "<group>"; };
		4E55579F1DE63125008FD841 /* PopularStickersLocalization.h */ = {isa = PBXFileReference; fileEncoding = 4; lastKnownFileType = sourcecode.c.h; path = PopularStickersLocalization.h; sourceTree = "<group>"; };
		4E5557A01DE63125008FD841 /* PopularStickersLocalization.m */ = {isa = PBXFileReference; fileEncoding = 4; lastKnownFileType = sourcecode.c.objc; path = PopularStickersLocalization.m; sourceTree = "<group>"; };
		4E5557A11DE63125008FD841 /* PopularStickersLocalization.strings */ = {isa = PBXFileReference; fileEncoding = 4; lastKnownFileType = text.plist.strings; path = PopularStickersLocalization.strings; sourceTree = "<group>"; };
		4E5557A61DE631D2008FD841 /* AppFlow.swift */ = {isa = PBXFileReference; fileEncoding = 4; lastKnownFileType = sourcecode.swift; path = AppFlow.swift; sourceTree = "<group>"; };
		4E5557AA1DE63340008FD841 /* MNFJsonAdapter.h */ = {isa = PBXFileReference; fileEncoding = 4; lastKnownFileType = sourcecode.c.h; path = MNFJsonAdapter.h; sourceTree = "<group>"; };
		4E5557AB1DE63340008FD841 /* MNFJsonAdapter.m */ = {isa = PBXFileReference; fileEncoding = 4; lastKnownFileType = sourcecode.c.objc; path = MNFJsonAdapter.m; sourceTree = "<group>"; };
		4E5557AC1DE63340008FD841 /* MNFJsonAdapterDelegate.h */ = {isa = PBXFileReference; fileEncoding = 4; lastKnownFileType = sourcecode.c.h; path = MNFJsonAdapterDelegate.h; sourceTree = "<group>"; };
		4E5557AD1DE63340008FD841 /* MNFJsonAdapterKeyAndProperty.h */ = {isa = PBXFileReference; fileEncoding = 4; lastKnownFileType = sourcecode.c.h; path = MNFJsonAdapterKeyAndProperty.h; sourceTree = "<group>"; };
		4E5557AE1DE63340008FD841 /* MNFJsonAdapterKeyAndProperty.m */ = {isa = PBXFileReference; fileEncoding = 4; lastKnownFileType = sourcecode.c.objc; path = MNFJsonAdapterKeyAndProperty.m; sourceTree = "<group>"; };
		4E5557AF1DE63340008FD841 /* MNFJsonAdapterSubclassedProperty.h */ = {isa = PBXFileReference; fileEncoding = 4; lastKnownFileType = sourcecode.c.h; path = MNFJsonAdapterSubclassedProperty.h; sourceTree = "<group>"; };
		4E5557B01DE63340008FD841 /* MNFJsonAdapterSubclassedProperty.m */ = {isa = PBXFileReference; fileEncoding = 4; lastKnownFileType = sourcecode.c.objc; path = MNFJsonAdapterSubclassedProperty.m; sourceTree = "<group>"; };
		4E5557B11DE63340008FD841 /* MNFJsonAdapterValueTransformer.h */ = {isa = PBXFileReference; fileEncoding = 4; lastKnownFileType = sourcecode.c.h; path = MNFJsonAdapterValueTransformer.h; sourceTree = "<group>"; };
		4E5557B21DE63340008FD841 /* MNFJsonAdapterValueTransformer.m */ = {isa = PBXFileReference; fileEncoding = 4; lastKnownFileType = sourcecode.c.objc; path = MNFJsonAdapterValueTransformer.m; sourceTree = "<group>"; };
		4E5557B31DE63340008FD841 /* NSObject+MenigaRuntimeExtension.h */ = {isa = PBXFileReference; fileEncoding = 4; lastKnownFileType = sourcecode.c.h; path = "NSObject+MenigaRuntimeExtension.h"; sourceTree = "<group>"; };
		4E5557B41DE63340008FD841 /* NSObject+MenigaRuntimeExtension.m */ = {isa = PBXFileReference; fileEncoding = 4; lastKnownFileType = sourcecode.c.objc; path = "NSObject+MenigaRuntimeExtension.m"; sourceTree = "<group>"; };
		4E5557B51DE63340008FD841 /* NSString+MNFExtension.h */ = {isa = PBXFileReference; fileEncoding = 4; lastKnownFileType = sourcecode.c.h; path = "NSString+MNFExtension.h"; sourceTree = "<group>"; };
		4E5557B61DE63340008FD841 /* NSString+MNFExtension.m */ = {isa = PBXFileReference; fileEncoding = 4; lastKnownFileType = sourcecode.c.objc; path = "NSString+MNFExtension.m"; sourceTree = "<group>"; };
		4E5557C21DE63390008FD841 /* NotificationManager.h */ = {isa = PBXFileReference; fileEncoding = 4; lastKnownFileType = sourcecode.c.h; path = NotificationManager.h; sourceTree = "<group>"; };
		4E5557C31DE63390008FD841 /* NotificationManager.m */ = {isa = PBXFileReference; fileEncoding = 4; lastKnownFileType = sourcecode.c.objc; path = NotificationManager.m; sourceTree = "<group>"; };
		4E5557C61DE633BB008FD841 /* NSDateValueTransformer.h */ = {isa = PBXFileReference; fileEncoding = 4; lastKnownFileType = sourcecode.c.h; path = NSDateValueTransformer.h; sourceTree = "<group>"; };
		4E5557C71DE633BB008FD841 /* NSDateValueTransformer.m */ = {isa = PBXFileReference; fileEncoding = 4; lastKnownFileType = sourcecode.c.objc; path = NSDateValueTransformer.m; sourceTree = "<group>"; };
		4E5557C81DE633BB008FD841 /* NSSetValueTransformer.h */ = {isa = PBXFileReference; fileEncoding = 4; lastKnownFileType = sourcecode.c.h; path = NSSetValueTransformer.h; sourceTree = "<group>"; };
		4E5557C91DE633BB008FD841 /* NSSetValueTransformer.m */ = {isa = PBXFileReference; fileEncoding = 4; lastKnownFileType = sourcecode.c.objc; path = NSSetValueTransformer.m; sourceTree = "<group>"; };
		4E5557CD1DE6352F008FD841 /* GWFramework 2.xcdatamodel */ = {isa = PBXFileReference; lastKnownFileType = wrapper.xcdatamodel; path = "GWFramework 2.xcdatamodel"; sourceTree = "<group>"; };
		4E5557CE1DE6352F008FD841 /* GWFramework.xcdatamodel */ = {isa = PBXFileReference; lastKnownFileType = wrapper.xcdatamodel; path = GWFramework.xcdatamodel; sourceTree = "<group>"; };
		4E5557D21DE635AA008FD841 /* GWPersonalityQuestion+CoreDataProperties.h */ = {isa = PBXFileReference; fileEncoding = 4; lastKnownFileType = sourcecode.c.h; path = "GWPersonalityQuestion+CoreDataProperties.h"; sourceTree = "<group>"; };
		4E5557D31DE635AA008FD841 /* GWPersonalityQuestion+CoreDataProperties.m */ = {isa = PBXFileReference; fileEncoding = 4; lastKnownFileType = sourcecode.c.objc; path = "GWPersonalityQuestion+CoreDataProperties.m"; sourceTree = "<group>"; };
		4E5557D41DE635AA008FD841 /* GWPersonalityQuestion.h */ = {isa = PBXFileReference; fileEncoding = 4; lastKnownFileType = sourcecode.c.h; path = GWPersonalityQuestion.h; sourceTree = "<group>"; };
		4E5557D51DE635AA008FD841 /* GWPersonalityQuestion.m */ = {isa = PBXFileReference; fileEncoding = 4; lastKnownFileType = sourcecode.c.objc; path = GWPersonalityQuestion.m; sourceTree = "<group>"; };
		4E5557D61DE635AA008FD841 /* GWRecipient+CoreDataProperties.h */ = {isa = PBXFileReference; fileEncoding = 4; lastKnownFileType = sourcecode.c.h; path = "GWRecipient+CoreDataProperties.h"; sourceTree = "<group>"; };
		4E5557D71DE635AA008FD841 /* GWRecipient+CoreDataProperties.m */ = {isa = PBXFileReference; fileEncoding = 4; lastKnownFileType = sourcecode.c.objc; path = "GWRecipient+CoreDataProperties.m"; sourceTree = "<group>"; };
		4E5557D81DE635AA008FD841 /* GWRecipient.h */ = {isa = PBXFileReference; fileEncoding = 4; lastKnownFileType = sourcecode.c.h; path = GWRecipient.h; sourceTree = "<group>"; };
		4E5557D91DE635AA008FD841 /* GWRecipient.m */ = {isa = PBXFileReference; fileEncoding = 4; lastKnownFileType = sourcecode.c.objc; path = GWRecipient.m; sourceTree = "<group>"; };
		4E5557DA1DE635AA008FD841 /* GWImage+CoreDataProperties.h */ = {isa = PBXFileReference; fileEncoding = 4; lastKnownFileType = sourcecode.c.h; path = "GWImage+CoreDataProperties.h"; sourceTree = "<group>"; };
		4E5557DB1DE635AA008FD841 /* GWImage+CoreDataProperties.m */ = {isa = PBXFileReference; fileEncoding = 4; lastKnownFileType = sourcecode.c.objc; path = "GWImage+CoreDataProperties.m"; sourceTree = "<group>"; };
		4E5557DC1DE635AA008FD841 /* GWImage.h */ = {isa = PBXFileReference; fileEncoding = 4; lastKnownFileType = sourcecode.c.h; path = GWImage.h; sourceTree = "<group>"; };
		4E5557DD1DE635AA008FD841 /* GWImage.m */ = {isa = PBXFileReference; fileEncoding = 4; lastKnownFileType = sourcecode.c.objc; path = GWImage.m; sourceTree = "<group>"; };
		4E5557DE1DE635AA008FD841 /* GWArea+CoreDataProperties.h */ = {isa = PBXFileReference; fileEncoding = 4; lastKnownFileType = sourcecode.c.h; path = "GWArea+CoreDataProperties.h"; sourceTree = "<group>"; };
		4E5557DF1DE635AA008FD841 /* GWArea+CoreDataProperties.m */ = {isa = PBXFileReference; fileEncoding = 4; lastKnownFileType = sourcecode.c.objc; path = "GWArea+CoreDataProperties.m"; sourceTree = "<group>"; };
		4E5557E01DE635AA008FD841 /* GWArea.h */ = {isa = PBXFileReference; fileEncoding = 4; lastKnownFileType = sourcecode.c.h; path = GWArea.h; sourceTree = "<group>"; };
		4E5557E11DE635AA008FD841 /* GWArea.m */ = {isa = PBXFileReference; fileEncoding = 4; lastKnownFileType = sourcecode.c.objc; path = GWArea.m; sourceTree = "<group>"; };
		4E5557E21DE635AA008FD841 /* GWImageWithThumb+CoreDataProperties.h */ = {isa = PBXFileReference; fileEncoding = 4; lastKnownFileType = sourcecode.c.h; path = "GWImageWithThumb+CoreDataProperties.h"; sourceTree = "<group>"; };
		4E5557E31DE635AA008FD841 /* GWImageWithThumb+CoreDataProperties.m */ = {isa = PBXFileReference; fileEncoding = 4; lastKnownFileType = sourcecode.c.objc; path = "GWImageWithThumb+CoreDataProperties.m"; sourceTree = "<group>"; };
		4E5557E41DE635AA008FD841 /* GWImageWithThumb.h */ = {isa = PBXFileReference; fileEncoding = 4; lastKnownFileType = sourcecode.c.h; path = GWImageWithThumb.h; sourceTree = "<group>"; };
		4E5557E51DE635AA008FD841 /* GWImageWithThumb.m */ = {isa = PBXFileReference; fileEncoding = 4; lastKnownFileType = sourcecode.c.objc; path = GWImageWithThumb.m; sourceTree = "<group>"; };
		4E5557E61DE635AA008FD841 /* GWIntention+CoreDataProperties.h */ = {isa = PBXFileReference; fileEncoding = 4; lastKnownFileType = sourcecode.c.h; path = "GWIntention+CoreDataProperties.h"; sourceTree = "<group>"; };
		4E5557E71DE635AA008FD841 /* GWIntention+CoreDataProperties.m */ = {isa = PBXFileReference; fileEncoding = 4; lastKnownFileType = sourcecode.c.objc; path = "GWIntention+CoreDataProperties.m"; sourceTree = "<group>"; };
		4E5557E81DE635AA008FD841 /* GWIntention.h */ = {isa = PBXFileReference; fileEncoding = 4; lastKnownFileType = sourcecode.c.h; path = GWIntention.h; sourceTree = "<group>"; };
		4E5557E91DE635AA008FD841 /* GWIntention.m */ = {isa = PBXFileReference; fileEncoding = 4; lastKnownFileType = sourcecode.c.objc; path = GWIntention.m; sourceTree = "<group>"; };
		4E5557EA1DE635AA008FD841 /* GWTag+CoreDataProperties.h */ = {isa = PBXFileReference; fileEncoding = 4; lastKnownFileType = sourcecode.c.h; path = "GWTag+CoreDataProperties.h"; sourceTree = "<group>"; };
		4E5557EB1DE635AA008FD841 /* GWTag+CoreDataProperties.m */ = {isa = PBXFileReference; fileEncoding = 4; lastKnownFileType = sourcecode.c.objc; path = "GWTag+CoreDataProperties.m"; sourceTree = "<group>"; };
		4E5557EC1DE635AA008FD841 /* GWTag.h */ = {isa = PBXFileReference; fileEncoding = 4; lastKnownFileType = sourcecode.c.h; path = GWTag.h; sourceTree = "<group>"; };
		4E5557ED1DE635AA008FD841 /* GWTag.m */ = {isa = PBXFileReference; fileEncoding = 4; lastKnownFileType = sourcecode.c.objc; path = GWTag.m; sourceTree = "<group>"; };
		4E5557EE1DE635AA008FD841 /* GWText+CoreDataProperties.h */ = {isa = PBXFileReference; fileEncoding = 4; lastKnownFileType = sourcecode.c.h; path = "GWText+CoreDataProperties.h"; sourceTree = "<group>"; };
		4E5557EF1DE635AA008FD841 /* GWText+CoreDataProperties.m */ = {isa = PBXFileReference; fileEncoding = 4; lastKnownFileType = sourcecode.c.objc; path = "GWText+CoreDataProperties.m"; sourceTree = "<group>"; };
		4E5557F01DE635AA008FD841 /* GWText.h */ = {isa = PBXFileReference; fileEncoding = 4; lastKnownFileType = sourcecode.c.h; path = GWText.h; sourceTree = "<group>"; };
		4E5557F11DE635AA008FD841 /* GWText.m */ = {isa = PBXFileReference; fileEncoding = 4; lastKnownFileType = sourcecode.c.objc; path = GWText.m; sourceTree = "<group>"; };
		4E5558021DE635F1008FD841 /* GWAreaCulture+CoreDataProperties.h */ = {isa = PBXFileReference; fileEncoding = 4; lastKnownFileType = sourcecode.c.h; path = "GWAreaCulture+CoreDataProperties.h"; sourceTree = "<group>"; };
		4E5558031DE635F1008FD841 /* GWAreaCulture+CoreDataProperties.m */ = {isa = PBXFileReference; fileEncoding = 4; lastKnownFileType = sourcecode.c.objc; path = "GWAreaCulture+CoreDataProperties.m"; sourceTree = "<group>"; };
		4E5558041DE635F1008FD841 /* GWAreaCulture.h */ = {isa = PBXFileReference; fileEncoding = 4; lastKnownFileType = sourcecode.c.h; path = GWAreaCulture.h; sourceTree = "<group>"; };
		4E5558051DE635F1008FD841 /* GWAreaCulture.m */ = {isa = PBXFileReference; fileEncoding = 4; lastKnownFileType = sourcecode.c.objc; path = GWAreaCulture.m; sourceTree = "<group>"; };
		4E5558141DE637F4008FD841 /* GWCoreDataManager.h */ = {isa = PBXFileReference; fileEncoding = 4; lastKnownFileType = sourcecode.c.h; path = GWCoreDataManager.h; sourceTree = "<group>"; };
		4E5558151DE637F4008FD841 /* GWCoreDataManager.m */ = {isa = PBXFileReference; fileEncoding = 4; lastKnownFileType = sourcecode.c.objc; path = GWCoreDataManager.m; sourceTree = "<group>"; };
		4E5558161DE637F4008FD841 /* GWDataManager.h */ = {isa = PBXFileReference; fileEncoding = 4; lastKnownFileType = sourcecode.c.h; path = GWDataManager.h; sourceTree = "<group>"; };
		4E5558171DE637F4008FD841 /* GWDataManager.m */ = {isa = PBXFileReference; fileEncoding = 4; lastKnownFileType = sourcecode.c.objc; path = GWDataManager.m; sourceTree = "<group>"; };
		4E5558181DE637F4008FD841 /* GWImageManager.h */ = {isa = PBXFileReference; fileEncoding = 4; lastKnownFileType = sourcecode.c.h; path = GWImageManager.h; sourceTree = "<group>"; };
		4E5558191DE637F4008FD841 /* GWImageManager.m */ = {isa = PBXFileReference; fileEncoding = 4; lastKnownFileType = sourcecode.c.objc; path = GWImageManager.m; sourceTree = "<group>"; };
		4E55581A1DE637F4008FD841 /* ServerCommunication.h */ = {isa = PBXFileReference; fileEncoding = 4; lastKnownFileType = sourcecode.c.h; path = ServerCommunication.h; sourceTree = "<group>"; };
		4E55581B1DE637F4008FD841 /* ServerCommunication.m */ = {isa = PBXFileReference; fileEncoding = 4; lastKnownFileType = sourcecode.c.objc; path = ServerCommunication.m; sourceTree = "<group>"; };
		57E24219279856AE3C55FCB5 /* Pods-StickerProfilingTests.release.xcconfig */ = {isa = PBXFileReference; includeInIndex = 1; lastKnownFileType = text.xcconfig; name = "Pods-StickerProfilingTests.release.xcconfig"; path = "Pods/Target Support Files/Pods-StickerProfilingTests/Pods-StickerProfilingTests.release.xcconfig"; sourceTree = "<group>"; };
		6A815A13C9793E736F0B1CBD /* Pods-StickerProfiling.release.xcconfig */ = {isa = PBXFileReference; includeInIndex = 1; lastKnownFileType = text.xcconfig; name = "Pods-StickerProfiling.release.xcconfig"; path = "Pods/Target Support Files/Pods-StickerProfiling/Pods-StickerProfiling.release.xcconfig"; sourceTree = "<group>"; };
		7C43EDED1BC819493F7CDB0E /* Pods_StickerProfiling.framework */ = {isa = PBXFileReference; explicitFileType = wrapper.framework; includeInIndex = 0; path = Pods_StickerProfiling.framework; sourceTree = BUILT_PRODUCTS_DIR; };
		7D94D935D80854EB8FEF50D9 /* Pods_StickerProfilingTests.framework */ = {isa = PBXFileReference; explicitFileType = wrapper.framework; includeInIndex = 0; path = Pods_StickerProfilingTests.framework; sourceTree = BUILT_PRODUCTS_DIR; };
		B2432E7750568AFDA8787871 /* Pods_StickerProfilingUITests.framework */ = {isa = PBXFileReference; explicitFileType = wrapper.framework; includeInIndex = 0; path = Pods_StickerProfilingUITests.framework; sourceTree = BUILT_PRODUCTS_DIR; };
		BFEA5D11ECACFE19BE167AF8 /* Pods-StickerProfilingUITests.release.xcconfig */ = {isa = PBXFileReference; includeInIndex = 1; lastKnownFileType = text.xcconfig; name = "Pods-StickerProfilingUITests.release.xcconfig"; path = "Pods/Target Support Files/Pods-StickerProfilingUITests/Pods-StickerProfilingUITests.release.xcconfig"; sourceTree = "<group>"; };
		CD1359D986D06B758D6115FE /* Pods-StickerProfiling.debug.xcconfig */ = {isa = PBXFileReference; includeInIndex = 1; lastKnownFileType = text.xcconfig; name = "Pods-StickerProfiling.debug.xcconfig"; path = "Pods/Target Support Files/Pods-StickerProfiling/Pods-StickerProfiling.debug.xcconfig"; sourceTree = "<group>"; };
/* End PBXFileReference section */

/* Begin PBXFrameworksBuildPhase section */
		4E5556D81DE626E3008FD841 /* Frameworks */ = {
			isa = PBXFrameworksBuildPhase;
			buildActionMask = 2147483647;
			files = (
				4E55572E1DE62D3D008FD841 /* libxml2.tbd in Frameworks */,
				4E55572C1DE62CC7008FD841 /* AudioToolbox.framework in Frameworks */,
				4E55572A1DE62C20008FD841 /* CoreVideo.framework in Frameworks */,
				4E5557281DE62C16008FD841 /* CoreMedia.framework in Frameworks */,
				4E5557261DE62C0D008FD841 /* AVFoundation.framework in Frameworks */,
				4E5557241DE62C04008FD841 /* QuartzCore.framework in Frameworks */,
				4E5557221DE62BFA008FD841 /* SystemConfiguration.framework in Frameworks */,
				4E5557201DE62BC4008FD841 /* CoreTelephony.framework in Frameworks */,
				4E55571E1DE62BBE008FD841 /* CoreText.framework in Frameworks */,
				4E55571C1DE62BB5008FD841 /* AssetsLibrary.framework in Frameworks */,
				4E55571A1DE62BA0008FD841 /* AdSupport.framework in Frameworks */,
				4E5557181DE62B9A008FD841 /* StoreKit.framework in Frameworks */,
				F65AB8F9953FEA26C84EDEFB /* Pods_StickerProfiling.framework in Frameworks */,
				4E5557111DE62A99008FD841 /* FBAudienceNetwork.framework in Frameworks */,
			);
			runOnlyForDeploymentPostprocessing = 0;
		};
		4E5556EF1DE626E3008FD841 /* Frameworks */ = {
			isa = PBXFrameworksBuildPhase;
			buildActionMask = 2147483647;
			files = (
				AF4474D5BCEDAE1BB53E3BBF /* Pods_StickerProfilingTests.framework in Frameworks */,
			);
			runOnlyForDeploymentPostprocessing = 0;
		};
		4E5556FA1DE626E3008FD841 /* Frameworks */ = {
			isa = PBXFrameworksBuildPhase;
			buildActionMask = 2147483647;
			files = (
				7B413C6F4073A8FE3C897B66 /* Pods_StickerProfilingUITests.framework in Frameworks */,
			);
			runOnlyForDeploymentPostprocessing = 0;
		};
/* End PBXFrameworksBuildPhase section */

/* Begin PBXGroup section */
		4E5556D21DE626E3008FD841 = {
			isa = PBXGroup;
			children = (
				4E5556DD1DE626E3008FD841 /* StickerProfiling */,
				4E5556F51DE626E3008FD841 /* StickerProfilingTests */,
				4E5557001DE626E3008FD841 /* StickerProfilingUITests */,
				4E5556DC1DE626E3008FD841 /* Products */,
				9A4D69303D7A653A4F4E638C /* Pods */,
				A77B737032A0DAF76A95BC5F /* Frameworks */,
			);
			sourceTree = "<group>";
		};
		4E5556DC1DE626E3008FD841 /* Products */ = {
			isa = PBXGroup;
			children = (
				4E5556DB1DE626E3008FD841 /* StickerProfiling.app */,
				4E5556F21DE626E3008FD841 /* StickerProfilingTests.xctest */,
				4E5556FD1DE626E3008FD841 /* StickerProfilingUITests.xctest */,
			);
			name = Products;
			sourceTree = "<group>";
		};
		4E5556DD1DE626E3008FD841 /* StickerProfiling */ = {
			isa = PBXGroup;
			children = (
				4E55570F1DE62A33008FD841 /* Frameworks */,
				4E5557121DE62B09008FD841 /* UI Components & Extensions */,
				4E5557851DE6304C008FD841 /* Analaytics */,
				4E55579C1DE63111008FD841 /* Localization */,
				4E5557971DE630A8008FD841 /* User Defaults & Constants */,
				4E5557A51DE631C3008FD841 /* Messenger Share State */,
				4E5557A81DE63303008FD841 /* Data Layer */,
				4E5556DE1DE626E3008FD841 /* AppDelegate.swift */,
				4E5556E01DE626E3008FD841 /* ViewController.swift */,
				4E5556E21DE626E3008FD841 /* Main.storyboard */,
				4E5556E81DE626E3008FD841 /* Assets.xcassets */,
				4E5556EA1DE626E3008FD841 /* LaunchScreen.storyboard */,
				4E5556ED1DE626E3008FD841 /* Info.plist */,
				4E5556E51DE626E3008FD841 /* StickerProfiling.xcdatamodeld */,
			);
			path = StickerProfiling;
			sourceTree = "<group>";
		};
		4E5556F51DE626E3008FD841 /* StickerProfilingTests */ = {
			isa = PBXGroup;
			children = (
				4E5556F61DE626E3008FD841 /* StickerProfilingTests.swift */,
				4E5556F81DE626E3008FD841 /* Info.plist */,
			);
			path = StickerProfilingTests;
			sourceTree = "<group>";
		};
		4E5557001DE626E3008FD841 /* StickerProfilingUITests */ = {
			isa = PBXGroup;
			children = (
				4E5557011DE626E3008FD841 /* StickerProfilingUITests.swift */,
				4E5557031DE626E3008FD841 /* Info.plist */,
			);
			path = StickerProfilingUITests;
			sourceTree = "<group>";
		};
		4E55570F1DE62A33008FD841 /* Frameworks */ = {
			isa = PBXGroup;
			children = (
				4E5557101DE62A99008FD841 /* FBAudienceNetwork.framework */,
			);
			name = Frameworks;
			sourceTree = "<group>";
		};
		4E5557121DE62B09008FD841 /* UI Components & Extensions */ = {
			isa = PBXGroup;
			children = (
				4E5557351DE62DFF008FD841 /* Extensions / Categories */,
				4E5557341DE62DF8008FD841 /* UI Components */,
			);
			name = "UI Components & Extensions";
			sourceTree = "<group>";
		};
		4E5557131DE62B22008FD841 /* External Components */ = {
			isa = PBXGroup;
			children = (
				4E55577F1DE62F3A008FD841 /* MAXPageControl.h */,
				4E5557801DE62F3A008FD841 /* MAXPageControl.m */,
			);
			name = "External Components";
			sourceTree = "<group>";
		};
		4E55572F1DE62DB7008FD841 /* Blocks Alert Views */ = {
			isa = PBXGroup;
			children = (
				4E55573E1DE62EAA008FD841 /* BlocksAlertView.h */,
				4E55573F1DE62EAA008FD841 /* BlocksAlertView.m */,
			);
			name = "Blocks Alert Views";
			sourceTree = "<group>";
		};
		4E5557301DE62DC7008FD841 /* Block Switch */ = {
			isa = PBXGroup;
			children = (
				4E5557411DE62EB6008FD841 /* MAXBlockSwitch.h */,
				4E5557421DE62EB6008FD841 /* MAXBlockSwitch.m */,
			);
			name = "Block Switch";
			sourceTree = "<group>";
		};
		4E5557311DE62DD3008FD841 /* Block Buttons */ = {
			isa = PBXGroup;
			children = (
				4E5557441DE62EC2008FD841 /* MAXBlockButton.h */,
				4E5557451DE62EC2008FD841 /* MAXBlockButton.m */,
				4E5557471DE62EC7008FD841 /* MAXFadeBlockButton.h */,
				4E5557481DE62EC7008FD841 /* MAXFadeBlockButton.m */,
				4E55574A1DE62ECF008FD841 /* MAXSelectedContentButton.h */,
				4E55574B1DE62ECF008FD841 /* MAXSelectedContentButton.m */,
			);
			name = "Block Buttons";
			sourceTree = "<group>";
		};
		4E5557321DE62DDE008FD841 /* Collection View Image and Text */ = {
			isa = PBXGroup;
			children = (
				4E55574D1DE62ED9008FD841 /* MAXCollectionViewCellImageAndText.h */,
				4E55574E1DE62ED9008FD841 /* MAXCollectionViewCellImageAndText.m */,
				4E55574F1DE62ED9008FD841 /* MAXCollectionViewImageAndText.h */,
				4E5557501DE62ED9008FD841 /* MAXCollectionViewImageAndText.m */,
			);
			name = "Collection View Image and Text";
			sourceTree = "<group>";
		};
		4E5557331DE62DEB008FD841 /* Color Category */ = {
			isa = PBXGroup;
			children = (
				4E5557531DE62EE7008FD841 /* UIColor+Extension.h */,
				4E5557541DE62EE7008FD841 /* UIColor+Extension.m */,
			);
			name = "Color Category";
			sourceTree = "<group>";
		};
		4E5557341DE62DF8008FD841 /* UI Components */ = {
			isa = PBXGroup;
			children = (
				4E5557131DE62B22008FD841 /* External Components */,
				4E55573A1DE62E66008FD841 /* Paging Scroll View */,
				4E55572F1DE62DB7008FD841 /* Blocks Alert Views */,
				4E5557301DE62DC7008FD841 /* Block Switch */,
				4E5557311DE62DD3008FD841 /* Block Buttons */,
				4E5557321DE62DDE008FD841 /* Collection View Image and Text */,
			);
			name = "UI Components";
			sourceTree = "<group>";
		};
		4E5557351DE62DFF008FD841 /* Extensions / Categories */ = {
			isa = PBXGroup;
			children = (
				4E5557961DE63077008FD841 /* NSDictionary Category */,
				4E5557391DE62E5E008FD841 /* View Controller Category */,
				4E5557381DE62E52008FD841 /* UIView Category */,
				4E5557371DE62E4C008FD841 /* NSString Category */,
				4E5557361DE62E14008FD841 /* Font Category */,
				4E5557331DE62DEB008FD841 /* Color Category */,
			);
			name = "Extensions / Categories";
			sourceTree = "<group>";
		};
		4E5557361DE62E14008FD841 /* Font Category */ = {
			isa = PBXGroup;
			children = (
				4E5557571DE62EF9008FD841 /* System Fonts */,
				4E5557561DE62EF2008FD841 /* Custom Fonts */,
			);
			name = "Font Category";
			sourceTree = "<group>";
		};
		4E5557371DE62E4C008FD841 /* NSString Category */ = {
			isa = PBXGroup;
			children = (
				4E5557761DE62F1C008FD841 /* NSString+MAXHeightExtension.h */,
				4E5557771DE62F1C008FD841 /* NSString+MAXHeightExtension.m */,
			);
			name = "NSString Category";
			sourceTree = "<group>";
		};
		4E5557381DE62E52008FD841 /* UIView Category */ = {
			isa = PBXGroup;
			children = (
				4E5557791DE62F2A008FD841 /* UIView+MAXExtension.h */,
				4E55577A1DE62F2A008FD841 /* UIView+MAXExtension.m */,
				4E55577B1DE62F2A008FD841 /* UIView+RenderViewToImage.h */,
				4E55577C1DE62F2A008FD841 /* UIView+RenderViewToImage.m */,
			);
			name = "UIView Category";
			sourceTree = "<group>";
		};
		4E5557391DE62E5E008FD841 /* View Controller Category */ = {
			isa = PBXGroup;
			children = (
				4E55573B1DE62E89008FD841 /* ViewControllerExtension.swift */,
			);
			name = "View Controller Category";
			sourceTree = "<group>";
		};
		4E55573A1DE62E66008FD841 /* Paging Scroll View */ = {
			isa = PBXGroup;
			children = (
				4E5557811DE62F3A008FD841 /* MAXPagingScrollView.h */,
				4E5557821DE62F3A008FD841 /* MAXPagingScrollView.m */,
				4E5557141DE62B39008FD841 /* MBSwitch.h */,
				4E5557151DE62B39008FD841 /* MBSwitch.m */,
			);
			name = "Paging Scroll View";
			sourceTree = "<group>";
		};
		4E5557561DE62EF2008FD841 /* Custom Fonts */ = {
			isa = PBXGroup;
			children = (
				4E55575B1DE62F0E008FD841 /* Roboto-Black.ttf */,
				4E55575C1DE62F0E008FD841 /* Roboto-BlackItalic.ttf */,
				4E55575D1DE62F0E008FD841 /* Roboto-Bold.ttf */,
				4E55575E1DE62F0E008FD841 /* Roboto-BoldItalic.ttf */,
				4E55575F1DE62F0E008FD841 /* Roboto-Italic.ttf */,
				4E5557601DE62F0E008FD841 /* Roboto-Light.ttf */,
				4E5557611DE62F0E008FD841 /* Roboto-LightItalic.ttf */,
				4E5557621DE62F0E008FD841 /* Roboto-Medium.ttf */,
				4E5557631DE62F0E008FD841 /* Roboto-MediumItalic.ttf */,
				4E5557641DE62F0E008FD841 /* Roboto-Regular.ttf */,
				4E5557651DE62F0E008FD841 /* Roboto-Thin.ttf */,
				4E5557661DE62F0E008FD841 /* Roboto-ThinItalic.ttf */,
				4E5557671DE62F0E008FD841 /* UIFont+MAXRobotoExtension.h */,
				4E5557681DE62F0E008FD841 /* UIFont+MAXRobotoExtension.m */,
			);
			name = "Custom Fonts";
			sourceTree = "<group>";
		};
		4E5557571DE62EF9008FD841 /* System Fonts */ = {
			isa = PBXGroup;
			children = (
				4E5557581DE62F05008FD841 /* UIFont+MAXSystemFonts.h */,
				4E5557591DE62F05008FD841 /* UIFont+MAXSystemFonts.m */,
			);
			name = "System Fonts";
			sourceTree = "<group>";
		};
		4E5557851DE6304C008FD841 /* Analaytics */ = {
			isa = PBXGroup;
			children = (
				4E5557861DE63061008FD841 /* GoogleAnalyticsConstants.h */,
				4E5557871DE6306B008FD841 /* AnalyticsManager.h */,
				4E5557881DE6306B008FD841 /* AnalyticsManager.m */,
				4E5557891DE6306B008FD841 /* CustomAnalytics.h */,
				4E55578A1DE6306B008FD841 /* CustomAnalytics.m */,
				4E55578B1DE6306B008FD841 /* GoogleAnalyticsCommunication.h */,
				4E55578C1DE6306B008FD841 /* GoogleAnalyticsCommunication.m */,
				4E55578F1DE6306B008FD841 /* GWAnalyticsStore.h */,
				4E5557901DE6306B008FD841 /* GWAnalyticsStore.m */,
			);
			name = Analaytics;
			sourceTree = "<group>";
		};
		4E5557961DE63077008FD841 /* NSDictionary Category */ = {
			isa = PBXGroup;
			children = (
				4E55578D1DE6306B008FD841 /* NSMutableDictionary+NoNilExtension.h */,
				4E55578E1DE6306B008FD841 /* NSMutableDictionary+NoNilExtension.m */,
			);
			name = "NSDictionary Category";
			sourceTree = "<group>";
		};
		4E5557971DE630A8008FD841 /* User Defaults & Constants */ = {
			isa = PBXGroup;
			children = (
				4E55579B1DE63109008FD841 /* Constants.h */,
				4E5557981DE630C4008FD841 /* UserDefaults.h */,
				4E5557991DE630C4008FD841 /* UserDefaults.m */,
			);
			name = "User Defaults & Constants";
			sourceTree = "<group>";
		};
		4E55579C1DE63111008FD841 /* Localization */ = {
			isa = PBXGroup;
			children = (
				4E55579D1DE63125008FD841 /* GWLocalizedBundle.h */,
				4E55579E1DE63125008FD841 /* GWLocalizedBundle.m */,
				4E55579F1DE63125008FD841 /* PopularStickersLocalization.h */,
				4E5557A01DE63125008FD841 /* PopularStickersLocalization.m */,
				4E5557A11DE63125008FD841 /* PopularStickersLocalization.strings */,
			);
			name = Localization;
			sourceTree = "<group>";
		};
		4E5557A51DE631C3008FD841 /* Messenger Share State */ = {
			isa = PBXGroup;
			children = (
				4E5557A61DE631D2008FD841 /* AppFlow.swift */,
			);
			name = "Messenger Share State";
			sourceTree = "<group>";
		};
		4E5557A81DE63303008FD841 /* Data Layer */ = {
			isa = PBXGroup;
			children = (
				4E5557C11DE63386008FD841 /* Notification Manager */,
				4E5557A91DE63330008FD841 /* Json Adapter */,
				4E5557D01DE6353A008FD841 /* Core Data */,
			);
			name = "Data Layer";
			sourceTree = "<group>";
		};
		4E5557A91DE63330008FD841 /* Json Adapter */ = {
			isa = PBXGroup;
			children = (
				4E5557C51DE633AF008FD841 /* Value Transformers */,
				4E5557AA1DE63340008FD841 /* MNFJsonAdapter.h */,
				4E5557AB1DE63340008FD841 /* MNFJsonAdapter.m */,
				4E5557AC1DE63340008FD841 /* MNFJsonAdapterDelegate.h */,
				4E5557AD1DE63340008FD841 /* MNFJsonAdapterKeyAndProperty.h */,
				4E5557AE1DE63340008FD841 /* MNFJsonAdapterKeyAndProperty.m */,
				4E5557AF1DE63340008FD841 /* MNFJsonAdapterSubclassedProperty.h */,
				4E5557B01DE63340008FD841 /* MNFJsonAdapterSubclassedProperty.m */,
				4E5557B11DE63340008FD841 /* MNFJsonAdapterValueTransformer.h */,
				4E5557B21DE63340008FD841 /* MNFJsonAdapterValueTransformer.m */,
				4E5557B31DE63340008FD841 /* NSObject+MenigaRuntimeExtension.h */,
				4E5557B41DE63340008FD841 /* NSObject+MenigaRuntimeExtension.m */,
				4E5557B51DE63340008FD841 /* NSString+MNFExtension.h */,
				4E5557B61DE63340008FD841 /* NSString+MNFExtension.m */,
			);
			name = "Json Adapter";
			sourceTree = "<group>";
		};
		4E5557C11DE63386008FD841 /* Notification Manager */ = {
			isa = PBXGroup;
			children = (
				4E5557C21DE63390008FD841 /* NotificationManager.h */,
				4E5557C31DE63390008FD841 /* NotificationManager.m */,
			);
			name = "Notification Manager";
			sourceTree = "<group>";
		};
		4E5557C51DE633AF008FD841 /* Value Transformers */ = {
			isa = PBXGroup;
			children = (
				4E5557C61DE633BB008FD841 /* NSDateValueTransformer.h */,
				4E5557C71DE633BB008FD841 /* NSDateValueTransformer.m */,
				4E5557C81DE633BB008FD841 /* NSSetValueTransformer.h */,
				4E5557C91DE633BB008FD841 /* NSSetValueTransformer.m */,
			);
			name = "Value Transformers";
			sourceTree = "<group>";
		};
		4E5557D01DE6353A008FD841 /* Core Data */ = {
			isa = PBXGroup;
			children = (
				4E5558131DE63788008FD841 /* Managers */,
				4E5557D11DE63555008FD841 /* Model Objects */,
				4E5557CC1DE6352F008FD841 /* GWFramework1.xcdatamodeld */,
			);
			name = "Core Data";
			sourceTree = "<group>";
		};
		4E5557D11DE63555008FD841 /* Model Objects */ = {
			isa = PBXGroup;
			children = (
				4E5558081DE63603008FD841 /* GWArea */,
				4E55580F1DE6371D008FD841 /* GWIntention */,
				4E55580E1DE63644008FD841 /* GWImage With Thumb */,
				4E55580C1DE6362D008FD841 /* GWImage */,
				4E55580B1DE6361F008FD841 /* GWRecipient */,
				4E55580A1DE63616008FD841 /* GWPersonality */,
				4E5558101DE63727008FD841 /* GWTag */,
				4E5558111DE63732008FD841 /* GWText */,
			);
			name = "Model Objects";
			sourceTree = "<group>";
		};
		4E5558081DE63603008FD841 /* GWArea */ = {
			isa = PBXGroup;
			children = (
				4E5557DE1DE635AA008FD841 /* GWArea+CoreDataProperties.h */,
				4E5557DF1DE635AA008FD841 /* GWArea+CoreDataProperties.m */,
				4E5557E01DE635AA008FD841 /* GWArea.h */,
				4E5557E11DE635AA008FD841 /* GWArea.m */,
				4E5558091DE6360C008FD841 /* Culture */,
			);
			name = GWArea;
			sourceTree = "<group>";
		};
		4E5558091DE6360C008FD841 /* Culture */ = {
			isa = PBXGroup;
			children = (
				4E5558021DE635F1008FD841 /* GWAreaCulture+CoreDataProperties.h */,
				4E5558031DE635F1008FD841 /* GWAreaCulture+CoreDataProperties.m */,
				4E5558041DE635F1008FD841 /* GWAreaCulture.h */,
				4E5558051DE635F1008FD841 /* GWAreaCulture.m */,
			);
			name = Culture;
			sourceTree = "<group>";
		};
		4E55580A1DE63616008FD841 /* GWPersonality */ = {
			isa = PBXGroup;
			children = (
				4E5557D21DE635AA008FD841 /* GWPersonalityQuestion+CoreDataProperties.h */,
				4E5557D31DE635AA008FD841 /* GWPersonalityQuestion+CoreDataProperties.m */,
				4E5557D41DE635AA008FD841 /* GWPersonalityQuestion.h */,
				4E5557D51DE635AA008FD841 /* GWPersonalityQuestion.m */,
			);
			name = GWPersonality;
			sourceTree = "<group>";
		};
		4E55580B1DE6361F008FD841 /* GWRecipient */ = {
			isa = PBXGroup;
			children = (
				4E5557D61DE635AA008FD841 /* GWRecipient+CoreDataProperties.h */,
				4E5557D71DE635AA008FD841 /* GWRecipient+CoreDataProperties.m */,
				4E5557D81DE635AA008FD841 /* GWRecipient.h */,
				4E5557D91DE635AA008FD841 /* GWRecipient.m */,
			);
			name = GWRecipient;
			sourceTree = "<group>";
		};
		4E55580C1DE6362D008FD841 /* GWImage */ = {
			isa = PBXGroup;
			children = (
				4E5557DA1DE635AA008FD841 /* GWImage+CoreDataProperties.h */,
				4E5557DB1DE635AA008FD841 /* GWImage+CoreDataProperties.m */,
				4E5557DC1DE635AA008FD841 /* GWImage.h */,
				4E5557DD1DE635AA008FD841 /* GWImage.m */,
			);
			name = GWImage;
			sourceTree = "<group>";
		};
		4E55580E1DE63644008FD841 /* GWImage With Thumb */ = {
			isa = PBXGroup;
			children = (
				4E5557E21DE635AA008FD841 /* GWImageWithThumb+CoreDataProperties.h */,
				4E5557E31DE635AA008FD841 /* GWImageWithThumb+CoreDataProperties.m */,
				4E5557E41DE635AA008FD841 /* GWImageWithThumb.h */,
				4E5557E51DE635AA008FD841 /* GWImageWithThumb.m */,
			);
			name = "GWImage With Thumb";
			sourceTree = "<group>";
		};
		4E55580F1DE6371D008FD841 /* GWIntention */ = {
			isa = PBXGroup;
			children = (
				4E5557E61DE635AA008FD841 /* GWIntention+CoreDataProperties.h */,
				4E5557E71DE635AA008FD841 /* GWIntention+CoreDataProperties.m */,
				4E5557E81DE635AA008FD841 /* GWIntention.h */,
				4E5557E91DE635AA008FD841 /* GWIntention.m */,
			);
			name = GWIntention;
			sourceTree = "<group>";
		};
		4E5558101DE63727008FD841 /* GWTag */ = {
			isa = PBXGroup;
			children = (
				4E5557EA1DE635AA008FD841 /* GWTag+CoreDataProperties.h */,
				4E5557EB1DE635AA008FD841 /* GWTag+CoreDataProperties.m */,
				4E5557EC1DE635AA008FD841 /* GWTag.h */,
				4E5557ED1DE635AA008FD841 /* GWTag.m */,
			);
			name = GWTag;
			sourceTree = "<group>";
		};
		4E5558111DE63732008FD841 /* GWText */ = {
			isa = PBXGroup;
			children = (
				4E5557EE1DE635AA008FD841 /* GWText+CoreDataProperties.h */,
				4E5557EF1DE635AA008FD841 /* GWText+CoreDataProperties.m */,
				4E5557F01DE635AA008FD841 /* GWText.h */,
				4E5557F11DE635AA008FD841 /* GWText.m */,
			);
			name = GWText;
			sourceTree = "<group>";
		};
		4E5558131DE63788008FD841 /* Managers */ = {
			isa = PBXGroup;
			children = (
				4E5558141DE637F4008FD841 /* GWCoreDataManager.h */,
				4E5558151DE637F4008FD841 /* GWCoreDataManager.m */,
				4E5558161DE637F4008FD841 /* GWDataManager.h */,
				4E5558171DE637F4008FD841 /* GWDataManager.m */,
				4E5558181DE637F4008FD841 /* GWImageManager.h */,
				4E5558191DE637F4008FD841 /* GWImageManager.m */,
				4E55581A1DE637F4008FD841 /* ServerCommunication.h */,
				4E55581B1DE637F4008FD841 /* ServerCommunication.m */,
			);
			name = Managers;
			sourceTree = "<group>";
		};
		9A4D69303D7A653A4F4E638C /* Pods */ = {
			isa = PBXGroup;
			children = (
				CD1359D986D06B758D6115FE /* Pods-StickerProfiling.debug.xcconfig */,
				6A815A13C9793E736F0B1CBD /* Pods-StickerProfiling.release.xcconfig */,
				0970A792098C571C1C0D497F /* Pods-StickerProfilingTests.debug.xcconfig */,
				57E24219279856AE3C55FCB5 /* Pods-StickerProfilingTests.release.xcconfig */,
				4B522C3F97E49236F5836AE5 /* Pods-StickerProfilingUITests.debug.xcconfig */,
				BFEA5D11ECACFE19BE167AF8 /* Pods-StickerProfilingUITests.release.xcconfig */,
			);
			name = Pods;
			sourceTree = "<group>";
		};
		A77B737032A0DAF76A95BC5F /* Frameworks */ = {
			isa = PBXGroup;
			children = (
				4E55572D1DE62D3D008FD841 /* libxml2.tbd */,
				4E55572B1DE62CC7008FD841 /* AudioToolbox.framework */,
				4E5557291DE62C1F008FD841 /* CoreVideo.framework */,
				4E5557271DE62C16008FD841 /* CoreMedia.framework */,
				4E5557251DE62C0D008FD841 /* AVFoundation.framework */,
				4E5557231DE62C04008FD841 /* QuartzCore.framework */,
				4E5557211DE62BFA008FD841 /* SystemConfiguration.framework */,
				4E55571F1DE62BC4008FD841 /* CoreTelephony.framework */,
				4E55571D1DE62BBE008FD841 /* CoreText.framework */,
				4E55571B1DE62BB5008FD841 /* AssetsLibrary.framework */,
				4E5557191DE62BA0008FD841 /* AdSupport.framework */,
				4E5557171DE62B9A008FD841 /* StoreKit.framework */,
				7C43EDED1BC819493F7CDB0E /* Pods_StickerProfiling.framework */,
				7D94D935D80854EB8FEF50D9 /* Pods_StickerProfilingTests.framework */,
				B2432E7750568AFDA8787871 /* Pods_StickerProfilingUITests.framework */,
			);
			name = Frameworks;
			sourceTree = "<group>";
		};
/* End PBXGroup section */

/* Begin PBXNativeTarget section */
		4E5556DA1DE626E3008FD841 /* StickerProfiling */ = {
			isa = PBXNativeTarget;
			buildConfigurationList = 4E5557061DE626E3008FD841 /* Build configuration list for PBXNativeTarget "StickerProfiling" */;
			buildPhases = (
				08C3A631C66ECA7782CC8951 /* [CP] Check Pods Manifest.lock */,
				4E5556D71DE626E3008FD841 /* Sources */,
				4E5556D81DE626E3008FD841 /* Frameworks */,
				4E5556D91DE626E3008FD841 /* Resources */,
				20E8C62EB1443D83BC9D87FF /* [CP] Embed Pods Frameworks */,
				07D96A6635E33FAC5FA72D4C /* [CP] Copy Pods Resources */,
			);
			buildRules = (
			);
			dependencies = (
			);
			name = StickerProfiling;
			productName = StickerProfiling;
			productReference = 4E5556DB1DE626E3008FD841 /* StickerProfiling.app */;
			productType = "com.apple.product-type.application";
		};
		4E5556F11DE626E3008FD841 /* StickerProfilingTests */ = {
			isa = PBXNativeTarget;
			buildConfigurationList = 4E5557091DE626E3008FD841 /* Build configuration list for PBXNativeTarget "StickerProfilingTests" */;
			buildPhases = (
				EA45FCAF10192B7368101F3B /* [CP] Check Pods Manifest.lock */,
				4E5556EE1DE626E3008FD841 /* Sources */,
				4E5556EF1DE626E3008FD841 /* Frameworks */,
				4E5556F01DE626E3008FD841 /* Resources */,
				696AC40A5E2560046E58A3C2 /* [CP] Embed Pods Frameworks */,
				A4434B402778CA8655174588 /* [CP] Copy Pods Resources */,
			);
			buildRules = (
			);
			dependencies = (
				4E5556F41DE626E3008FD841 /* PBXTargetDependency */,
			);
			name = StickerProfilingTests;
			productName = StickerProfilingTests;
			productReference = 4E5556F21DE626E3008FD841 /* StickerProfilingTests.xctest */;
			productType = "com.apple.product-type.bundle.unit-test";
		};
		4E5556FC1DE626E3008FD841 /* StickerProfilingUITests */ = {
			isa = PBXNativeTarget;
			buildConfigurationList = 4E55570C1DE626E3008FD841 /* Build configuration list for PBXNativeTarget "StickerProfilingUITests" */;
			buildPhases = (
				10422C32BB5C0B8977B4D2A3 /* [CP] Check Pods Manifest.lock */,
				4E5556F91DE626E3008FD841 /* Sources */,
				4E5556FA1DE626E3008FD841 /* Frameworks */,
				4E5556FB1DE626E3008FD841 /* Resources */,
				7262D21DD5E15D84AF8734A7 /* [CP] Embed Pods Frameworks */,
				A8BD4F92AB4B86CF4278EDCE /* [CP] Copy Pods Resources */,
			);
			buildRules = (
			);
			dependencies = (
				4E5556FF1DE626E3008FD841 /* PBXTargetDependency */,
			);
			name = StickerProfilingUITests;
			productName = StickerProfilingUITests;
			productReference = 4E5556FD1DE626E3008FD841 /* StickerProfilingUITests.xctest */;
			productType = "com.apple.product-type.bundle.ui-testing";
		};
/* End PBXNativeTarget section */

/* Begin PBXProject section */
		4E5556D31DE626E3008FD841 /* Project object */ = {
			isa = PBXProject;
			attributes = {
				LastSwiftUpdateCheck = 0730;
				LastUpgradeCheck = 0730;
				ORGANIZATIONNAME = Konta;
				TargetAttributes = {
					4E5556DA1DE626E3008FD841 = {
						CreatedOnToolsVersion = 7.3.1;
					};
					4E5556F11DE626E3008FD841 = {
						CreatedOnToolsVersion = 7.3.1;
						TestTargetID = 4E5556DA1DE626E3008FD841;
					};
					4E5556FC1DE626E3008FD841 = {
						CreatedOnToolsVersion = 7.3.1;
						TestTargetID = 4E5556DA1DE626E3008FD841;
					};
				};
			};
			buildConfigurationList = 4E5556D61DE626E3008FD841 /* Build configuration list for PBXProject "StickerProfiling" */;
			compatibilityVersion = "Xcode 3.2";
			developmentRegion = English;
			hasScannedForEncodings = 0;
			knownRegions = (
				en,
				Base,
			);
			mainGroup = 4E5556D21DE626E3008FD841;
			productRefGroup = 4E5556DC1DE626E3008FD841 /* Products */;
			projectDirPath = "";
			projectRoot = "";
			targets = (
				4E5556DA1DE626E3008FD841 /* StickerProfiling */,
				4E5556F11DE626E3008FD841 /* StickerProfilingTests */,
				4E5556FC1DE626E3008FD841 /* StickerProfilingUITests */,
			);
		};
/* End PBXProject section */

/* Begin PBXResourcesBuildPhase section */
		4E5556D91DE626E3008FD841 /* Resources */ = {
			isa = PBXResourcesBuildPhase;
			buildActionMask = 2147483647;
			files = (
				4E5557741DE62F0E008FD841 /* Roboto-ThinItalic.ttf in Resources */,
				4E5557731DE62F0E008FD841 /* Roboto-Thin.ttf in Resources */,
				4E5556EC1DE626E3008FD841 /* LaunchScreen.storyboard in Resources */,
				4E5556E91DE626E3008FD841 /* Assets.xcassets in Resources */,
				4E55576F1DE62F0E008FD841 /* Roboto-LightItalic.ttf in Resources */,
				4E55576B1DE62F0E008FD841 /* Roboto-Bold.ttf in Resources */,
				4E5557711DE62F0E008FD841 /* Roboto-MediumItalic.ttf in Resources */,
				4E5557A41DE63125008FD841 /* PopularStickersLocalization.strings in Resources */,
				4E55576A1DE62F0E008FD841 /* Roboto-BlackItalic.ttf in Resources */,
				4E5556E41DE626E3008FD841 /* Main.storyboard in Resources */,
				4E55576D1DE62F0E008FD841 /* Roboto-Italic.ttf in Resources */,
				4E55576C1DE62F0E008FD841 /* Roboto-BoldItalic.ttf in Resources */,
				4E5557701DE62F0E008FD841 /* Roboto-Medium.ttf in Resources */,
				4E5557721DE62F0E008FD841 /* Roboto-Regular.ttf in Resources */,
				4E5557691DE62F0E008FD841 /* Roboto-Black.ttf in Resources */,
				4E55576E1DE62F0E008FD841 /* Roboto-Light.ttf in Resources */,
			);
			runOnlyForDeploymentPostprocessing = 0;
		};
		4E5556F01DE626E3008FD841 /* Resources */ = {
			isa = PBXResourcesBuildPhase;
			buildActionMask = 2147483647;
			files = (
			);
			runOnlyForDeploymentPostprocessing = 0;
		};
		4E5556FB1DE626E3008FD841 /* Resources */ = {
			isa = PBXResourcesBuildPhase;
			buildActionMask = 2147483647;
			files = (
			);
			runOnlyForDeploymentPostprocessing = 0;
		};
/* End PBXResourcesBuildPhase section */

/* Begin PBXShellScriptBuildPhase section */
		07D96A6635E33FAC5FA72D4C /* [CP] Copy Pods Resources */ = {
			isa = PBXShellScriptBuildPhase;
			buildActionMask = 2147483647;
			files = (
			);
			inputPaths = (
			);
			name = "[CP] Copy Pods Resources";
			outputPaths = (
			);
			runOnlyForDeploymentPostprocessing = 0;
			shellPath = /bin/sh;
			shellScript = "\"${SRCROOT}/Pods/Target Support Files/Pods-StickerProfiling/Pods-StickerProfiling-resources.sh\"\n";
			showEnvVarsInLog = 0;
		};
		08C3A631C66ECA7782CC8951 /* [CP] Check Pods Manifest.lock */ = {
			isa = PBXShellScriptBuildPhase;
			buildActionMask = 2147483647;
			files = (
			);
			inputPaths = (
			);
			name = "[CP] Check Pods Manifest.lock";
			outputPaths = (
			);
			runOnlyForDeploymentPostprocessing = 0;
			shellPath = /bin/sh;
			shellScript = "diff \"${PODS_ROOT}/../Podfile.lock\" \"${PODS_ROOT}/Manifest.lock\" > /dev/null\nif [ $? != 0 ] ; then\n    # print error to STDERR\n    echo \"error: The sandbox is not in sync with the Podfile.lock. Run 'pod install' or update your CocoaPods installation.\" >&2\n    exit 1\nfi\n";
			showEnvVarsInLog = 0;
		};
		10422C32BB5C0B8977B4D2A3 /* [CP] Check Pods Manifest.lock */ = {
			isa = PBXShellScriptBuildPhase;
			buildActionMask = 2147483647;
			files = (
			);
			inputPaths = (
			);
			name = "[CP] Check Pods Manifest.lock";
			outputPaths = (
			);
			runOnlyForDeploymentPostprocessing = 0;
			shellPath = /bin/sh;
			shellScript = "diff \"${PODS_ROOT}/../Podfile.lock\" \"${PODS_ROOT}/Manifest.lock\" > /dev/null\nif [ $? != 0 ] ; then\n    # print error to STDERR\n    echo \"error: The sandbox is not in sync with the Podfile.lock. Run 'pod install' or update your CocoaPods installation.\" >&2\n    exit 1\nfi\n";
			showEnvVarsInLog = 0;
		};
		20E8C62EB1443D83BC9D87FF /* [CP] Embed Pods Frameworks */ = {
			isa = PBXShellScriptBuildPhase;
			buildActionMask = 2147483647;
			files = (
			);
			inputPaths = (
			);
			name = "[CP] Embed Pods Frameworks";
			outputPaths = (
			);
			runOnlyForDeploymentPostprocessing = 0;
			shellPath = /bin/sh;
			shellScript = "\"${SRCROOT}/Pods/Target Support Files/Pods-StickerProfiling/Pods-StickerProfiling-frameworks.sh\"\n";
			showEnvVarsInLog = 0;
		};
		696AC40A5E2560046E58A3C2 /* [CP] Embed Pods Frameworks */ = {
			isa = PBXShellScriptBuildPhase;
			buildActionMask = 2147483647;
			files = (
			);
			inputPaths = (
			);
			name = "[CP] Embed Pods Frameworks";
			outputPaths = (
			);
			runOnlyForDeploymentPostprocessing = 0;
			shellPath = /bin/sh;
			shellScript = "\"${SRCROOT}/Pods/Target Support Files/Pods-StickerProfilingTests/Pods-StickerProfilingTests-frameworks.sh\"\n";
			showEnvVarsInLog = 0;
		};
		7262D21DD5E15D84AF8734A7 /* [CP] Embed Pods Frameworks */ = {
			isa = PBXShellScriptBuildPhase;
			buildActionMask = 2147483647;
			files = (
			);
			inputPaths = (
			);
			name = "[CP] Embed Pods Frameworks";
			outputPaths = (
			);
			runOnlyForDeploymentPostprocessing = 0;
			shellPath = /bin/sh;
			shellScript = "\"${SRCROOT}/Pods/Target Support Files/Pods-StickerProfilingUITests/Pods-StickerProfilingUITests-frameworks.sh\"\n";
			showEnvVarsInLog = 0;
		};
		A4434B402778CA8655174588 /* [CP] Copy Pods Resources */ = {
			isa = PBXShellScriptBuildPhase;
			buildActionMask = 2147483647;
			files = (
			);
			inputPaths = (
			);
			name = "[CP] Copy Pods Resources";
			outputPaths = (
			);
			runOnlyForDeploymentPostprocessing = 0;
			shellPath = /bin/sh;
			shellScript = "\"${SRCROOT}/Pods/Target Support Files/Pods-StickerProfilingTests/Pods-StickerProfilingTests-resources.sh\"\n";
			showEnvVarsInLog = 0;
		};
		A8BD4F92AB4B86CF4278EDCE /* [CP] Copy Pods Resources */ = {
			isa = PBXShellScriptBuildPhase;
			buildActionMask = 2147483647;
			files = (
			);
			inputPaths = (
			);
			name = "[CP] Copy Pods Resources";
			outputPaths = (
			);
			runOnlyForDeploymentPostprocessing = 0;
			shellPath = /bin/sh;
			shellScript = "\"${SRCROOT}/Pods/Target Support Files/Pods-StickerProfilingUITests/Pods-StickerProfilingUITests-resources.sh\"\n";
			showEnvVarsInLog = 0;
		};
		EA45FCAF10192B7368101F3B /* [CP] Check Pods Manifest.lock */ = {
			isa = PBXShellScriptBuildPhase;
			buildActionMask = 2147483647;
			files = (
			);
			inputPaths = (
			);
			name = "[CP] Check Pods Manifest.lock";
			outputPaths = (
			);
			runOnlyForDeploymentPostprocessing = 0;
			shellPath = /bin/sh;
			shellScript = "diff \"${PODS_ROOT}/../Podfile.lock\" \"${PODS_ROOT}/Manifest.lock\" > /dev/null\nif [ $? != 0 ] ; then\n    # print error to STDERR\n    echo \"error: The sandbox is not in sync with the Podfile.lock. Run 'pod install' or update your CocoaPods installation.\" >&2\n    exit 1\nfi\n";
			showEnvVarsInLog = 0;
		};
/* End PBXShellScriptBuildPhase section */

/* Begin PBXSourcesBuildPhase section */
		4E5556D71DE626E3008FD841 /* Sources */ = {
			isa = PBXSourcesBuildPhase;
			buildActionMask = 2147483647;
			files = (
				4E5557B81DE63340008FD841 /* MNFJsonAdapterKeyAndProperty.m in Sources */,
				4E5557941DE6306B008FD841 /* NSMutableDictionary+NoNilExtension.m in Sources */,
				4E5557A71DE631D2008FD841 /* AppFlow.swift in Sources */,
				4E55581E1DE637F4008FD841 /* GWImageManager.m in Sources */,
				4E5557F91DE635AA008FD841 /* GWArea.m in Sources */,
				4E5557B91DE63340008FD841 /* MNFJsonAdapterSubclassedProperty.m in Sources */,
				4E5557951DE6306B008FD841 /* GWAnalyticsStore.m in Sources */,
				4E5557461DE62EC2008FD841 /* MAXBlockButton.m in Sources */,
				4E5557C41DE63390008FD841 /* NotificationManager.m in Sources */,
				4E5557FA1DE635AA008FD841 /* GWImageWithThumb+CoreDataProperties.m in Sources */,
				4E5557751DE62F0E008FD841 /* UIFont+MAXRobotoExtension.m in Sources */,
				4E5557F81DE635AA008FD841 /* GWArea+CoreDataProperties.m in Sources */,
				4E5557FD1DE635AA008FD841 /* GWIntention.m in Sources */,
				4E5557F51DE635AA008FD841 /* GWRecipient.m in Sources */,
				4E5557F41DE635AA008FD841 /* GWRecipient+CoreDataProperties.m in Sources */,
				4E5556E11DE626E3008FD841 /* ViewController.swift in Sources */,
				4E55577D1DE62F2A008FD841 /* UIView+MAXExtension.m in Sources */,
				4E55577E1DE62F2A008FD841 /* UIView+RenderViewToImage.m in Sources */,
				4E5557921DE6306B008FD841 /* CustomAnalytics.m in Sources */,
				4E5557A31DE63125008FD841 /* PopularStickersLocalization.m in Sources */,
				4E5556E71DE626E3008FD841 /* StickerProfiling.xcdatamodeld in Sources */,
				4E5557BC1DE63340008FD841 /* NSString+MNFExtension.m in Sources */,
				4E5557511DE62ED9008FD841 /* MAXCollectionViewCellImageAndText.m in Sources */,
				4E5557161DE62B39008FD841 /* MBSwitch.m in Sources */,
				4E5558061DE635F1008FD841 /* GWAreaCulture+CoreDataProperties.m in Sources */,
				4E5557FB1DE635AA008FD841 /* GWImageWithThumb.m in Sources */,
				4E5558011DE635AA008FD841 /* GWText.m in Sources */,
				4E5557551DE62EE7008FD841 /* UIColor+Extension.m in Sources */,
				4E5557A21DE63125008FD841 /* GWLocalizedBundle.m in Sources */,
				4E5557BA1DE63340008FD841 /* MNFJsonAdapterValueTransformer.m in Sources */,
				4E5557B71DE63340008FD841 /* MNFJsonAdapter.m in Sources */,
				4E5557831DE62F3A008FD841 /* MAXPageControl.m in Sources */,
				4E5557FC1DE635AA008FD841 /* GWIntention+CoreDataProperties.m in Sources */,
				4E5557FE1DE635AA008FD841 /* GWTag+CoreDataProperties.m in Sources */,
				4E5557841DE62F3A008FD841 /* MAXPagingScrollView.m in Sources */,
				4E55581D1DE637F4008FD841 /* GWDataManager.m in Sources */,
				4E5557BB1DE63340008FD841 /* NSObject+MenigaRuntimeExtension.m in Sources */,
				4E5557F71DE635AA008FD841 /* GWImage.m in Sources */,
				4E5558001DE635AA008FD841 /* GWText+CoreDataProperties.m in Sources */,
				4E5557CF1DE6352F008FD841 /* GWFramework1.xcdatamodeld in Sources */,
				4E55581C1DE637F4008FD841 /* GWCoreDataManager.m in Sources */,
				4E5557781DE62F1C008FD841 /* NSString+MAXHeightExtension.m in Sources */,
				4E55573C1DE62E89008FD841 /* ViewControllerExtension.swift in Sources */,
				4E5558071DE635F1008FD841 /* GWAreaCulture.m in Sources */,
				4E5556DF1DE626E3008FD841 /* AppDelegate.swift in Sources */,
				4E5557401DE62EAA008FD841 /* BlocksAlertView.m in Sources */,
				4E5557FF1DE635AA008FD841 /* GWTag.m in Sources */,
				4E5557911DE6306B008FD841 /* AnalyticsManager.m in Sources */,
				4E5557F31DE635AA008FD841 /* GWPersonalityQuestion.m in Sources */,
				4E5557431DE62EB6008FD841 /* MAXBlockSwitch.m in Sources */,
				4E5557491DE62EC7008FD841 /* MAXFadeBlockButton.m in Sources */,
				4E55581F1DE637F4008FD841 /* ServerCommunication.m in Sources */,
				4E5557F21DE635AA008FD841 /* GWPersonalityQuestion+CoreDataProperties.m in Sources */,
				4E5557931DE6306B008FD841 /* GoogleAnalyticsCommunication.m in Sources */,
				4E55579A1DE630C4008FD841 /* UserDefaults.m in Sources */,
				4E5557CB1DE633BB008FD841 /* NSSetValueTransformer.m in Sources */,
				4E55575A1DE62F05008FD841 /* UIFont+MAXSystemFonts.m in Sources */,
				4E5557521DE62ED9008FD841 /* MAXCollectionViewImageAndText.m in Sources */,
				4E5557CA1DE633BB008FD841 /* NSDateValueTransformer.m in Sources */,
				4E55574C1DE62ECF008FD841 /* MAXSelectedContentButton.m in Sources */,
				4E5557F61DE635AA008FD841 /* GWImage+CoreDataProperties.m in Sources */,
			);
			runOnlyForDeploymentPostprocessing = 0;
		};
		4E5556EE1DE626E3008FD841 /* Sources */ = {
			isa = PBXSourcesBuildPhase;
			buildActionMask = 2147483647;
			files = (
				4E5556F71DE626E3008FD841 /* StickerProfilingTests.swift in Sources */,
			);
			runOnlyForDeploymentPostprocessing = 0;
		};
		4E5556F91DE626E3008FD841 /* Sources */ = {
			isa = PBXSourcesBuildPhase;
			buildActionMask = 2147483647;
			files = (
				4E5557021DE626E3008FD841 /* StickerProfilingUITests.swift in Sources */,
			);
			runOnlyForDeploymentPostprocessing = 0;
		};
/* End PBXSourcesBuildPhase section */

/* Begin PBXTargetDependency section */
		4E5556F41DE626E3008FD841 /* PBXTargetDependency */ = {
			isa = PBXTargetDependency;
			target = 4E5556DA1DE626E3008FD841 /* StickerProfiling */;
			targetProxy = 4E5556F31DE626E3008FD841 /* PBXContainerItemProxy */;
		};
		4E5556FF1DE626E3008FD841 /* PBXTargetDependency */ = {
			isa = PBXTargetDependency;
			target = 4E5556DA1DE626E3008FD841 /* StickerProfiling */;
			targetProxy = 4E5556FE1DE626E3008FD841 /* PBXContainerItemProxy */;
		};
/* End PBXTargetDependency section */

/* Begin PBXVariantGroup section */
		4E5556E21DE626E3008FD841 /* Main.storyboard */ = {
			isa = PBXVariantGroup;
			children = (
				4E5556E31DE626E3008FD841 /* Base */,
			);
			name = Main.storyboard;
			sourceTree = "<group>";
		};
		4E5556EA1DE626E3008FD841 /* LaunchScreen.storyboard */ = {
			isa = PBXVariantGroup;
			children = (
				4E5556EB1DE626E3008FD841 /* Base */,
			);
			name = LaunchScreen.storyboard;
			sourceTree = "<group>";
		};
/* End PBXVariantGroup section */

/* Begin XCBuildConfiguration section */
		4E5557041DE626E3008FD841 /* Debug */ = {
			isa = XCBuildConfiguration;
			buildSettings = {
				ALWAYS_SEARCH_USER_PATHS = NO;
				CLANG_ANALYZER_NONNULL = YES;
				CLANG_CXX_LANGUAGE_STANDARD = "gnu++0x";
				CLANG_CXX_LIBRARY = "libc++";
				CLANG_ENABLE_MODULES = YES;
				CLANG_ENABLE_OBJC_ARC = YES;
				CLANG_WARN_BOOL_CONVERSION = YES;
				CLANG_WARN_CONSTANT_CONVERSION = YES;
				CLANG_WARN_DIRECT_OBJC_ISA_USAGE = YES_ERROR;
				CLANG_WARN_EMPTY_BODY = YES;
				CLANG_WARN_ENUM_CONVERSION = YES;
				CLANG_WARN_INT_CONVERSION = YES;
				CLANG_WARN_OBJC_ROOT_CLASS = YES_ERROR;
				CLANG_WARN_UNREACHABLE_CODE = YES;
				CLANG_WARN__DUPLICATE_METHOD_MATCH = YES;
				"CODE_SIGN_IDENTITY[sdk=iphoneos*]" = "iPhone Developer";
				COPY_PHASE_STRIP = NO;
				DEBUG_INFORMATION_FORMAT = dwarf;
				ENABLE_STRICT_OBJC_MSGSEND = YES;
				ENABLE_TESTABILITY = YES;
				GCC_C_LANGUAGE_STANDARD = gnu99;
				GCC_DYNAMIC_NO_PIC = NO;
				GCC_NO_COMMON_BLOCKS = YES;
				GCC_OPTIMIZATION_LEVEL = 0;
				GCC_PREPROCESSOR_DEFINITIONS = (
					"DEBUG=1",
					"$(inherited)",
				);
				GCC_WARN_64_TO_32_BIT_CONVERSION = YES;
				GCC_WARN_ABOUT_RETURN_TYPE = YES_ERROR;
				GCC_WARN_UNDECLARED_SELECTOR = YES;
				GCC_WARN_UNINITIALIZED_AUTOS = YES_AGGRESSIVE;
				GCC_WARN_UNUSED_FUNCTION = YES;
				GCC_WARN_UNUSED_VARIABLE = YES;
				IPHONEOS_DEPLOYMENT_TARGET = 9.3;
				MTL_ENABLE_DEBUG_INFO = YES;
				ONLY_ACTIVE_ARCH = YES;
				SDKROOT = iphoneos;
				SWIFT_OPTIMIZATION_LEVEL = "-Onone";
			};
			name = Debug;
		};
		4E5557051DE626E3008FD841 /* Release */ = {
			isa = XCBuildConfiguration;
			buildSettings = {
				ALWAYS_SEARCH_USER_PATHS = NO;
				CLANG_ANALYZER_NONNULL = YES;
				CLANG_CXX_LANGUAGE_STANDARD = "gnu++0x";
				CLANG_CXX_LIBRARY = "libc++";
				CLANG_ENABLE_MODULES = YES;
				CLANG_ENABLE_OBJC_ARC = YES;
				CLANG_WARN_BOOL_CONVERSION = YES;
				CLANG_WARN_CONSTANT_CONVERSION = YES;
				CLANG_WARN_DIRECT_OBJC_ISA_USAGE = YES_ERROR;
				CLANG_WARN_EMPTY_BODY = YES;
				CLANG_WARN_ENUM_CONVERSION = YES;
				CLANG_WARN_INT_CONVERSION = YES;
				CLANG_WARN_OBJC_ROOT_CLASS = YES_ERROR;
				CLANG_WARN_UNREACHABLE_CODE = YES;
				CLANG_WARN__DUPLICATE_METHOD_MATCH = YES;
				"CODE_SIGN_IDENTITY[sdk=iphoneos*]" = "iPhone Developer";
				COPY_PHASE_STRIP = NO;
				DEBUG_INFORMATION_FORMAT = "dwarf-with-dsym";
				ENABLE_NS_ASSERTIONS = NO;
				ENABLE_STRICT_OBJC_MSGSEND = YES;
				GCC_C_LANGUAGE_STANDARD = gnu99;
				GCC_NO_COMMON_BLOCKS = YES;
				GCC_WARN_64_TO_32_BIT_CONVERSION = YES;
				GCC_WARN_ABOUT_RETURN_TYPE = YES_ERROR;
				GCC_WARN_UNDECLARED_SELECTOR = YES;
				GCC_WARN_UNINITIALIZED_AUTOS = YES_AGGRESSIVE;
				GCC_WARN_UNUSED_FUNCTION = YES;
				GCC_WARN_UNUSED_VARIABLE = YES;
				IPHONEOS_DEPLOYMENT_TARGET = 9.3;
				MTL_ENABLE_DEBUG_INFO = NO;
				SDKROOT = iphoneos;
				VALIDATE_PRODUCT = YES;
			};
			name = Release;
		};
		4E5557071DE626E3008FD841 /* Debug */ = {
			isa = XCBuildConfiguration;
			baseConfigurationReference = CD1359D986D06B758D6115FE /* Pods-StickerProfiling.debug.xcconfig */;
			buildSettings = {
				ASSETCATALOG_COMPILER_APPICON_NAME = AppIcon;
				FRAMEWORK_SEARCH_PATHS = (
					"$(inherited)",
					"$(PROJECT_DIR)/StickerProfiling",
				);
				INFOPLIST_FILE = StickerProfiling/Info.plist;
				LD_RUNPATH_SEARCH_PATHS = "$(inherited) @executable_path/Frameworks";
				PRODUCT_BUNDLE_IDENTIFIER = ghostwording.StickerProfiling;
				PRODUCT_NAME = "$(TARGET_NAME)";
			};
			name = Debug;
		};
		4E5557081DE626E3008FD841 /* Release */ = {
			isa = XCBuildConfiguration;
			baseConfigurationReference = 6A815A13C9793E736F0B1CBD /* Pods-StickerProfiling.release.xcconfig */;
			buildSettings = {
				ASSETCATALOG_COMPILER_APPICON_NAME = AppIcon;
				FRAMEWORK_SEARCH_PATHS = (
					"$(inherited)",
					"$(PROJECT_DIR)/StickerProfiling",
				);
				INFOPLIST_FILE = StickerProfiling/Info.plist;
				LD_RUNPATH_SEARCH_PATHS = "$(inherited) @executable_path/Frameworks";
				PRODUCT_BUNDLE_IDENTIFIER = ghostwording.StickerProfiling;
				PRODUCT_NAME = "$(TARGET_NAME)";
			};
			name = Release;
		};
		4E55570A1DE626E3008FD841 /* Debug */ = {
			isa = XCBuildConfiguration;
			baseConfigurationReference = 0970A792098C571C1C0D497F /* Pods-StickerProfilingTests.debug.xcconfig */;
			buildSettings = {
				BUNDLE_LOADER = "$(TEST_HOST)";
				INFOPLIST_FILE = StickerProfilingTests/Info.plist;
				LD_RUNPATH_SEARCH_PATHS = "$(inherited) @executable_path/Frameworks @loader_path/Frameworks";
				PRODUCT_BUNDLE_IDENTIFIER = ghostwording.StickerProfilingTests;
				PRODUCT_NAME = "$(TARGET_NAME)";
				TEST_HOST = "$(BUILT_PRODUCTS_DIR)/StickerProfiling.app/StickerProfiling";
			};
			name = Debug;
		};
		4E55570B1DE626E3008FD841 /* Release */ = {
			isa = XCBuildConfiguration;
			baseConfigurationReference = 57E24219279856AE3C55FCB5 /* Pods-StickerProfilingTests.release.xcconfig */;
			buildSettings = {
				BUNDLE_LOADER = "$(TEST_HOST)";
				INFOPLIST_FILE = StickerProfilingTests/Info.plist;
				LD_RUNPATH_SEARCH_PATHS = "$(inherited) @executable_path/Frameworks @loader_path/Frameworks";
				PRODUCT_BUNDLE_IDENTIFIER = ghostwording.StickerProfilingTests;
				PRODUCT_NAME = "$(TARGET_NAME)";
				TEST_HOST = "$(BUILT_PRODUCTS_DIR)/StickerProfiling.app/StickerProfiling";
			};
			name = Release;
		};
		4E55570D1DE626E3008FD841 /* Debug */ = {
			isa = XCBuildConfiguration;
			baseConfigurationReference = 4B522C3F97E49236F5836AE5 /* Pods-StickerProfilingUITests.debug.xcconfig */;
			buildSettings = {
				INFOPLIST_FILE = StickerProfilingUITests/Info.plist;
				LD_RUNPATH_SEARCH_PATHS = "$(inherited) @executable_path/Frameworks @loader_path/Frameworks";
				PRODUCT_BUNDLE_IDENTIFIER = ghostwording.StickerProfilingUITests;
				PRODUCT_NAME = "$(TARGET_NAME)";
				TEST_TARGET_NAME = StickerProfiling;
			};
			name = Debug;
		};
		4E55570E1DE626E3008FD841 /* Release */ = {
			isa = XCBuildConfiguration;
			baseConfigurationReference = BFEA5D11ECACFE19BE167AF8 /* Pods-StickerProfilingUITests.release.xcconfig */;
			buildSettings = {
				INFOPLIST_FILE = StickerProfilingUITests/Info.plist;
				LD_RUNPATH_SEARCH_PATHS = "$(inherited) @executable_path/Frameworks @loader_path/Frameworks";
				PRODUCT_BUNDLE_IDENTIFIER = ghostwording.StickerProfilingUITests;
				PRODUCT_NAME = "$(TARGET_NAME)";
				TEST_TARGET_NAME = StickerProfiling;
			};
			name = Release;
		};
/* End XCBuildConfiguration section */

/* Begin XCConfigurationList section */
		4E5556D61DE626E3008FD841 /* Build configuration list for PBXProject "StickerProfiling" */ = {
			isa = XCConfigurationList;
			buildConfigurations = (
				4E5557041DE626E3008FD841 /* Debug */,
				4E5557051DE626E3008FD841 /* Release */,
			);
			defaultConfigurationIsVisible = 0;
			defaultConfigurationName = Release;
		};
		4E5557061DE626E3008FD841 /* Build configuration list for PBXNativeTarget "StickerProfiling" */ = {
			isa = XCConfigurationList;
			buildConfigurations = (
				4E5557071DE626E3008FD841 /* Debug */,
				4E5557081DE626E3008FD841 /* Release */,
			);
			defaultConfigurationIsVisible = 0;
			defaultConfigurationName = Release;
		};
		4E5557091DE626E3008FD841 /* Build configuration list for PBXNativeTarget "StickerProfilingTests" */ = {
			isa = XCConfigurationList;
			buildConfigurations = (
				4E55570A1DE626E3008FD841 /* Debug */,
				4E55570B1DE626E3008FD841 /* Release */,
			);
			defaultConfigurationIsVisible = 0;
			defaultConfigurationName = Release;
		};
		4E55570C1DE626E3008FD841 /* Build configuration list for PBXNativeTarget "StickerProfilingUITests" */ = {
			isa = XCConfigurationList;
			buildConfigurations = (
				4E55570D1DE626E3008FD841 /* Debug */,
				4E55570E1DE626E3008FD841 /* Release */,
			);
			defaultConfigurationIsVisible = 0;
			defaultConfigurationName = Release;
		};
/* End XCConfigurationList section */

/* Begin XCVersionGroup section */
		4E5556E51DE626E3008FD841 /* StickerProfiling.xcdatamodeld */ = {
			isa = XCVersionGroup;
			children = (
				4E5556E61DE626E3008FD841 /* StickerProfiling.xcdatamodel */,
			);
			currentVersion = 4E5556E61DE626E3008FD841 /* StickerProfiling.xcdatamodel */;
			path = StickerProfiling.xcdatamodeld;
			sourceTree = "<group>";
			versionGroupType = wrapper.xcdatamodel;
		};
		4E5557CC1DE6352F008FD841 /* GWFramework1.xcdatamodeld */ = {
			isa = XCVersionGroup;
			children = (
				4E5557CD1DE6352F008FD841 /* GWFramework 2.xcdatamodel */,
				4E5557CE1DE6352F008FD841 /* GWFramework.xcdatamodel */,
			);
			currentVersion = 4E5557CD1DE6352F008FD841 /* GWFramework 2.xcdatamodel */;
			name = GWFramework1.xcdatamodeld;
			path = "Data Layer/GWFramework1.xcdatamodeld";
			sourceTree = "<group>";
			versionGroupType = wrapper.xcdatamodel;
		};
/* End XCVersionGroup section */
	};
	rootObject = 4E5556D31DE626E3008FD841 /* Project object */;
}
